// !$*UTF8*$!
{
	archiveVersion = 1;
	classes = {
	};
	objectVersion = 50;
	objects = {

/* Begin PBXBuildFile section */
		3DF7657A216BD76100E78EE0 /* AppDelegate.swift in Sources */ = {isa = PBXBuildFile; fileRef = 3DF76579216BD76100E78EE0 /* AppDelegate.swift */; };
		3DF7657C216BD76100E78EE0 /* ViewController.swift in Sources */ = {isa = PBXBuildFile; fileRef = 3DF7657B216BD76100E78EE0 /* ViewController.swift */; };
		3DF7657F216BD76100E78EE0 /* Main.storyboard in Resources */ = {isa = PBXBuildFile; fileRef = 3DF7657D216BD76100E78EE0 /* Main.storyboard */; };
		3DF76581216BD76200E78EE0 /* Assets.xcassets in Resources */ = {isa = PBXBuildFile; fileRef = 3DF76580216BD76200E78EE0 /* Assets.xcassets */; };
		3DF76584216BD76200E78EE0 /* LaunchScreen.storyboard in Resources */ = {isa = PBXBuildFile; fileRef = 3DF76582216BD76200E78EE0 /* LaunchScreen.storyboard */; };
		3DF7658F216BD76200E78EE0 /* ConsentTests.swift in Sources */ = {isa = PBXBuildFile; fileRef = 3DF7658E216BD76200E78EE0 /* ConsentTests.swift */; };
		3DF7659A216BD76200E78EE0 /* ConsentUITests.swift in Sources */ = {isa = PBXBuildFile; fileRef = 3DF76599216BD76200E78EE0 /* ConsentUITests.swift */; };
/* End PBXBuildFile section */

/* Begin PBXContainerItemProxy section */
		3DF7658B216BD76200E78EE0 /* PBXContainerItemProxy */ = {
			isa = PBXContainerItemProxy;
			containerPortal = 3DF7656E216BD76100E78EE0 /* Project object */;
			proxyType = 1;
			remoteGlobalIDString = 3DF76575216BD76100E78EE0;
			remoteInfo = Consent;
		};
		3DF76596216BD76200E78EE0 /* PBXContainerItemProxy */ = {
			isa = PBXContainerItemProxy;
			containerPortal = 3DF7656E216BD76100E78EE0 /* Project object */;
			proxyType = 1;
			remoteGlobalIDString = 3DF76575216BD76100E78EE0;
			remoteInfo = Consent;
		};
/* End PBXContainerItemProxy section */

/* Begin PBXFileReference section */
		3DF76576216BD76100E78EE0 /* Consent.app */ = {isa = PBXFileReference; explicitFileType = wrapper.application; includeInIndex = 0; path = Consent.app; sourceTree = BUILT_PRODUCTS_DIR; };
		3DF76579216BD76100E78EE0 /* AppDelegate.swift */ = {isa = PBXFileReference; lastKnownFileType = sourcecode.swift; path = AppDelegate.swift; sourceTree = "<group>"; };
		3DF7657B216BD76100E78EE0 /* ViewController.swift */ = {isa = PBXFileReference; lastKnownFileType = sourcecode.swift; path = ViewController.swift; sourceTree = "<group>"; };
		3DF7657E216BD76100E78EE0 /* Base */ = {isa = PBXFileReference; lastKnownFileType = file.storyboard; name = Base; path = Base.lproj/Main.storyboard; sourceTree = "<group>"; };
		3DF76580216BD76200E78EE0 /* Assets.xcassets */ = {isa = PBXFileReference; lastKnownFileType = folder.assetcatalog; path = Assets.xcassets; sourceTree = "<group>"; };
		3DF76583216BD76200E78EE0 /* Base */ = {isa = PBXFileReference; lastKnownFileType = file.storyboard; name = Base; path = Base.lproj/LaunchScreen.storyboard; sourceTree = "<group>"; };
		3DF76585216BD76200E78EE0 /* Info.plist */ = {isa = PBXFileReference; lastKnownFileType = text.plist.xml; path = Info.plist; sourceTree = "<group>"; };
		3DF7658A216BD76200E78EE0 /* ConsentTests.xctest */ = {isa = PBXFileReference; explicitFileType = wrapper.cfbundle; includeInIndex = 0; path = ConsentTests.xctest; sourceTree = BUILT_PRODUCTS_DIR; };
		3DF7658E216BD76200E78EE0 /* ConsentTests.swift */ = {isa = PBXFileReference; lastKnownFileType = sourcecode.swift; path = ConsentTests.swift; sourceTree = "<group>"; };
		3DF76590216BD76200E78EE0 /* Info.plist */ = {isa = PBXFileReference; lastKnownFileType = text.plist.xml; path = Info.plist; sourceTree = "<group>"; };
		3DF76595216BD76200E78EE0 /* ConsentUITests.xctest */ = {isa = PBXFileReference; explicitFileType = wrapper.cfbundle; includeInIndex = 0; path = ConsentUITests.xctest; sourceTree = BUILT_PRODUCTS_DIR; };
		3DF76599216BD76200E78EE0 /* ConsentUITests.swift */ = {isa = PBXFileReference; lastKnownFileType = sourcecode.swift; path = ConsentUITests.swift; sourceTree = "<group>"; };
		3DF7659B216BD76200E78EE0 /* Info.plist */ = {isa = PBXFileReference; lastKnownFileType = text.plist.xml; path = Info.plist; sourceTree = "<group>"; };
/* End PBXFileReference section */

/* Begin PBXFrameworksBuildPhase section */
		3DF76573216BD76100E78EE0 /* Frameworks */ = {
			isa = PBXFrameworksBuildPhase;
			buildActionMask = 2147483647;
			files = (
			);
			runOnlyForDeploymentPostprocessing = 0;
		};
		3DF76587216BD76200E78EE0 /* Frameworks */ = {
			isa = PBXFrameworksBuildPhase;
			buildActionMask = 2147483647;
			files = (
			);
			runOnlyForDeploymentPostprocessing = 0;
		};
		3DF76592216BD76200E78EE0 /* Frameworks */ = {
			isa = PBXFrameworksBuildPhase;
			buildActionMask = 2147483647;
			files = (
			);
			runOnlyForDeploymentPostprocessing = 0;
		};
/* End PBXFrameworksBuildPhase section */

/* Begin PBXGroup section */
		3DF7656D216BD76100E78EE0 = {
			isa = PBXGroup;
			children = (
				3DF76578216BD76100E78EE0 /* Consent */,
				3DF7658D216BD76200E78EE0 /* ConsentTests */,
				3DF76598216BD76200E78EE0 /* ConsentUITests */,
				3DF76577216BD76100E78EE0 /* Products */,
			);
			sourceTree = "<group>";
		};
		3DF76577216BD76100E78EE0 /* Products */ = {
			isa = PBXGroup;
			children = (
				3DF76576216BD76100E78EE0 /* Consent.app */,
				3DF7658A216BD76200E78EE0 /* ConsentTests.xctest */,
				3DF76595216BD76200E78EE0 /* ConsentUITests.xctest */,
			);
			name = Products;
			sourceTree = "<group>";
		};
		3DF76578216BD76100E78EE0 /* Consent */ = {
			isa = PBXGroup;
			children = (
				3DF76579216BD76100E78EE0 /* AppDelegate.swift */,
				3DF7657B216BD76100E78EE0 /* ViewController.swift */,
				3DF7657D216BD76100E78EE0 /* Main.storyboard */,
				3DF76580216BD76200E78EE0 /* Assets.xcassets */,
				3DF76582216BD76200E78EE0 /* LaunchScreen.storyboard */,
				3DF76585216BD76200E78EE0 /* Info.plist */,
			);
			path = Consent;
			sourceTree = "<group>";
		};
		3DF7658D216BD76200E78EE0 /* ConsentTests */ = {
			isa = PBXGroup;
			children = (
				3DF7658E216BD76200E78EE0 /* ConsentTests.swift */,
				3DF76590216BD76200E78EE0 /* Info.plist */,
			);
			path = ConsentTests;
			sourceTree = "<group>";
		};
		3DF76598216BD76200E78EE0 /* ConsentUITests */ = {
			isa = PBXGroup;
			children = (
				3DF76599216BD76200E78EE0 /* ConsentUITests.swift */,
				3DF7659B216BD76200E78EE0 /* Info.plist */,
			);
			path = ConsentUITests;
			sourceTree = "<group>";
		};
/* End PBXGroup section */

/* Begin PBXNativeTarget section */
		3DF76575216BD76100E78EE0 /* Consent */ = {
			isa = PBXNativeTarget;
			buildConfigurationList = 3DF7659E216BD76200E78EE0 /* Build configuration list for PBXNativeTarget "Consent" */;
			buildPhases = (
				3DF76572216BD76100E78EE0 /* Sources */,
				3DF76573216BD76100E78EE0 /* Frameworks */,
				3DF76574216BD76100E78EE0 /* Resources */,
			);
			buildRules = (
			);
			dependencies = (
			);
			name = Consent;
			productName = Consent;
			productReference = 3DF76576216BD76100E78EE0 /* Consent.app */;
			productType = "com.apple.product-type.application";
		};
		3DF76589216BD76200E78EE0 /* ConsentTests */ = {
			isa = PBXNativeTarget;
			buildConfigurationList = 3DF765A1216BD76200E78EE0 /* Build configuration list for PBXNativeTarget "ConsentTests" */;
			buildPhases = (
				3DF76586216BD76200E78EE0 /* Sources */,
				3DF76587216BD76200E78EE0 /* Frameworks */,
				3DF76588216BD76200E78EE0 /* Resources */,
			);
			buildRules = (
			);
			dependencies = (
				3DF7658C216BD76200E78EE0 /* PBXTargetDependency */,
			);
			name = ConsentTests;
			productName = ConsentTests;
			productReference = 3DF7658A216BD76200E78EE0 /* ConsentTests.xctest */;
			productType = "com.apple.product-type.bundle.unit-test";
		};
		3DF76594216BD76200E78EE0 /* ConsentUITests */ = {
			isa = PBXNativeTarget;
			buildConfigurationList = 3DF765A4216BD76200E78EE0 /* Build configuration list for PBXNativeTarget "ConsentUITests" */;
			buildPhases = (
				3DF76591216BD76200E78EE0 /* Sources */,
				3DF76592216BD76200E78EE0 /* Frameworks */,
				3DF76593216BD76200E78EE0 /* Resources */,
			);
			buildRules = (
			);
			dependencies = (
				3DF76597216BD76200E78EE0 /* PBXTargetDependency */,
			);
			name = ConsentUITests;
			productName = ConsentUITests;
			productReference = 3DF76595216BD76200E78EE0 /* ConsentUITests.xctest */;
			productType = "com.apple.product-type.bundle.ui-testing";
		};
/* End PBXNativeTarget section */

/* Begin PBXProject section */
		3DF7656E216BD76100E78EE0 /* Project object */ = {
			isa = PBXProject;
			attributes = {
				LastSwiftUpdateCheck = 1000;
				LastUpgradeCheck = 1000;
				ORGANIZATIONNAME = MuSquared;
				TargetAttributes = {
					3DF76575216BD76100E78EE0 = {
						CreatedOnToolsVersion = 10.0;
					};
					3DF76589216BD76200E78EE0 = {
						CreatedOnToolsVersion = 10.0;
						TestTargetID = 3DF76575216BD76100E78EE0;
					};
					3DF76594216BD76200E78EE0 = {
						CreatedOnToolsVersion = 10.0;
						TestTargetID = 3DF76575216BD76100E78EE0;
					};
				};
			};
			buildConfigurationList = 3DF76571216BD76100E78EE0 /* Build configuration list for PBXProject "Consent" */;
			compatibilityVersion = "Xcode 9.3";
			developmentRegion = en;
			hasScannedForEncodings = 0;
			knownRegions = (
				en,
				Base,
			);
			mainGroup = 3DF7656D216BD76100E78EE0;
			productRefGroup = 3DF76577216BD76100E78EE0 /* Products */;
			projectDirPath = "";
			projectRoot = "";
			targets = (
				3DF76575216BD76100E78EE0 /* Consent */,
				3DF76589216BD76200E78EE0 /* ConsentTests */,
				3DF76594216BD76200E78EE0 /* ConsentUITests */,
			);
		};
/* End PBXProject section */

/* Begin PBXResourcesBuildPhase section */
		3DF76574216BD76100E78EE0 /* Resources */ = {
			isa = PBXResourcesBuildPhase;
			buildActionMask = 2147483647;
			files = (
				3DF76584216BD76200E78EE0 /* LaunchScreen.storyboard in Resources */,
				3DF76581216BD76200E78EE0 /* Assets.xcassets in Resources */,
				3DF7657F216BD76100E78EE0 /* Main.storyboard in Resources */,
			);
			runOnlyForDeploymentPostprocessing = 0;
		};
		3DF76588216BD76200E78EE0 /* Resources */ = {
			isa = PBXResourcesBuildPhase;
			buildActionMask = 2147483647;
			files = (
			);
			runOnlyForDeploymentPostprocessing = 0;
		};
		3DF76593216BD76200E78EE0 /* Resources */ = {
			isa = PBXResourcesBuildPhase;
			buildActionMask = 2147483647;
			files = (
			);
			runOnlyForDeploymentPostprocessing = 0;
		};
/* End PBXResourcesBuildPhase section */

/* Begin PBXSourcesBuildPhase section */
		3DF76572216BD76100E78EE0 /* Sources */ = {
			isa = PBXSourcesBuildPhase;
			buildActionMask = 2147483647;
			files = (
				3DF7657C216BD76100E78EE0 /* ViewController.swift in Sources */,
				3DF7657A216BD76100E78EE0 /* AppDelegate.swift in Sources */,
			);
			runOnlyForDeploymentPostprocessing = 0;
		};
		3DF76586216BD76200E78EE0 /* Sources */ = {
			isa = PBXSourcesBuildPhase;
			buildActionMask = 2147483647;
			files = (
				3DF7658F216BD76200E78EE0 /* ConsentTests.swift in Sources */,
			);
			runOnlyForDeploymentPostprocessing = 0;
		};
		3DF76591216BD76200E78EE0 /* Sources */ = {
			isa = PBXSourcesBuildPhase;
			buildActionMask = 2147483647;
			files = (
				3DF7659A216BD76200E78EE0 /* ConsentUITests.swift in Sources */,
			);
			runOnlyForDeploymentPostprocessing = 0;
		};
/* End PBXSourcesBuildPhase section */

/* Begin PBXTargetDependency section */
		3DF7658C216BD76200E78EE0 /* PBXTargetDependency */ = {
			isa = PBXTargetDependency;
			target = 3DF76575216BD76100E78EE0 /* Consent */;
			targetProxy = 3DF7658B216BD76200E78EE0 /* PBXContainerItemProxy */;
		};
		3DF76597216BD76200E78EE0 /* PBXTargetDependency */ = {
			isa = PBXTargetDependency;
			target = 3DF76575216BD76100E78EE0 /* Consent */;
			targetProxy = 3DF76596216BD76200E78EE0 /* PBXContainerItemProxy */;
		};
/* End PBXTargetDependency section */

/* Begin PBXVariantGroup section */
		3DF7657D216BD76100E78EE0 /* Main.storyboard */ = {
			isa = PBXVariantGroup;
			children = (
				3DF7657E216BD76100E78EE0 /* Base */,
			);
			name = Main.storyboard;
			sourceTree = "<group>";
		};
		3DF76582216BD76200E78EE0 /* LaunchScreen.storyboard */ = {
			isa = PBXVariantGroup;
			children = (
				3DF76583216BD76200E78EE0 /* Base */,
			);
			name = LaunchScreen.storyboard;
			sourceTree = "<group>";
		};
/* End PBXVariantGroup section */

/* Begin XCBuildConfiguration section */
		3DF7659C216BD76200E78EE0 /* Debug */ = {
			isa = XCBuildConfiguration;
			buildSettings = {
				ALWAYS_SEARCH_USER_PATHS = NO;
				CLANG_ANALYZER_NONNULL = YES;
				CLANG_ANALYZER_NUMBER_OBJECT_CONVERSION = YES_AGGRESSIVE;
				CLANG_CXX_LANGUAGE_STANDARD = "gnu++14";
				CLANG_CXX_LIBRARY = "libc++";
				CLANG_ENABLE_MODULES = YES;
				CLANG_ENABLE_OBJC_ARC = YES;
				CLANG_ENABLE_OBJC_WEAK = YES;
				CLANG_WARN_BLOCK_CAPTURE_AUTORELEASING = YES;
				CLANG_WARN_BOOL_CONVERSION = YES;
				CLANG_WARN_COMMA = YES;
				CLANG_WARN_CONSTANT_CONVERSION = YES;
				CLANG_WARN_DEPRECATED_OBJC_IMPLEMENTATIONS = YES;
				CLANG_WARN_DIRECT_OBJC_ISA_USAGE = YES_ERROR;
				CLANG_WARN_DOCUMENTATION_COMMENTS = YES;
				CLANG_WARN_EMPTY_BODY = YES;
				CLANG_WARN_ENUM_CONVERSION = YES;
				CLANG_WARN_INFINITE_RECURSION = YES;
				CLANG_WARN_INT_CONVERSION = YES;
				CLANG_WARN_NON_LITERAL_NULL_CONVERSION = YES;
				CLANG_WARN_OBJC_IMPLICIT_RETAIN_SELF = YES;
				CLANG_WARN_OBJC_LITERAL_CONVERSION = YES;
				CLANG_WARN_OBJC_ROOT_CLASS = YES_ERROR;
				CLANG_WARN_RANGE_LOOP_ANALYSIS = YES;
				CLANG_WARN_STRICT_PROTOTYPES = YES;
				CLANG_WARN_SUSPICIOUS_MOVE = YES;
				CLANG_WARN_UNGUARDED_AVAILABILITY = YES_AGGRESSIVE;
				CLANG_WARN_UNREACHABLE_CODE = YES;
				CLANG_WARN__DUPLICATE_METHOD_MATCH = YES;
				CODE_SIGN_IDENTITY = "iPhone Developer";
				COPY_PHASE_STRIP = NO;
				DEBUG_INFORMATION_FORMAT = dwarf;
				ENABLE_STRICT_OBJC_MSGSEND = YES;
				ENABLE_TESTABILITY = YES;
				GCC_C_LANGUAGE_STANDARD = gnu11;
				GCC_DYNAMIC_NO_PIC = NO;
				GCC_NO_COMMON_BLOCKS = YES;
				GCC_OPTIMIZATION_LEVEL = 0;
				GCC_PREPROCESSOR_DEFINITIONS = (
					"DEBUG=1",
					"$(inherited)",
				);
				GCC_WARN_64_TO_32_BIT_CONVERSION = YES;
				GCC_WARN_ABOUT_RETURN_TYPE = YES_ERROR;
				GCC_WARN_UNDECLARED_SELECTOR = YES;
				GCC_WARN_UNINITIALIZED_AUTOS = YES_AGGRESSIVE;
				GCC_WARN_UNUSED_FUNCTION = YES;
				GCC_WARN_UNUSED_VARIABLE = YES;
				IPHONEOS_DEPLOYMENT_TARGET = 12.0;
				MTL_ENABLE_DEBUG_INFO = INCLUDE_SOURCE;
				MTL_FAST_MATH = YES;
				ONLY_ACTIVE_ARCH = YES;
				SDKROOT = iphoneos;
				SWIFT_ACTIVE_COMPILATION_CONDITIONS = DEBUG;
				SWIFT_OPTIMIZATION_LEVEL = "-Onone";
			};
			name = Debug;
		};
		3DF7659D216BD76200E78EE0 /* Release */ = {
			isa = XCBuildConfiguration;
			buildSettings = {
				ALWAYS_SEARCH_USER_PATHS = NO;
				CLANG_ANALYZER_NONNULL = YES;
				CLANG_ANALYZER_NUMBER_OBJECT_CONVERSION = YES_AGGRESSIVE;
				CLANG_CXX_LANGUAGE_STANDARD = "gnu++14";
				CLANG_CXX_LIBRARY = "libc++";
				CLANG_ENABLE_MODULES = YES;
				CLANG_ENABLE_OBJC_ARC = YES;
				CLANG_ENABLE_OBJC_WEAK = YES;
				CLANG_WARN_BLOCK_CAPTURE_AUTORELEASING = YES;
				CLANG_WARN_BOOL_CONVERSION = YES;
				CLANG_WARN_COMMA = YES;
				CLANG_WARN_CONSTANT_CONVERSION = YES;
				CLANG_WARN_DEPRECATED_OBJC_IMPLEMENTATIONS = YES;
				CLANG_WARN_DIRECT_OBJC_ISA_USAGE = YES_ERROR;
				CLANG_WARN_DOCUMENTATION_COMMENTS = YES;
				CLANG_WARN_EMPTY_BODY = YES;
				CLANG_WARN_ENUM_CONVERSION = YES;
				CLANG_WARN_INFINITE_RECURSION = YES;
				CLANG_WARN_INT_CONVERSION = YES;
				CLANG_WARN_NON_LITERAL_NULL_CONVERSION = YES;
				CLANG_WARN_OBJC_IMPLICIT_RETAIN_SELF = YES;
				CLANG_WARN_OBJC_LITERAL_CONVERSION = YES;
				CLANG_WARN_OBJC_ROOT_CLASS = YES_ERROR;
				CLANG_WARN_RANGE_LOOP_ANALYSIS = YES;
				CLANG_WARN_STRICT_PROTOTYPES = YES;
				CLANG_WARN_SUSPICIOUS_MOVE = YES;
				CLANG_WARN_UNGUARDED_AVAILABILITY = YES_AGGRESSIVE;
				CLANG_WARN_UNREACHABLE_CODE = YES;
				CLANG_WARN__DUPLICATE_METHOD_MATCH = YES;
				CODE_SIGN_IDENTITY = "iPhone Developer";
				COPY_PHASE_STRIP = NO;
				DEBUG_INFORMATION_FORMAT = "dwarf-with-dsym";
				ENABLE_NS_ASSERTIONS = NO;
				ENABLE_STRICT_OBJC_MSGSEND = YES;
				GCC_C_LANGUAGE_STANDARD = gnu11;
				GCC_NO_COMMON_BLOCKS = YES;
				GCC_WARN_64_TO_32_BIT_CONVERSION = YES;
				GCC_WARN_ABOUT_RETURN_TYPE = YES_ERROR;
				GCC_WARN_UNDECLARED_SELECTOR = YES;
				GCC_WARN_UNINITIALIZED_AUTOS = YES_AGGRESSIVE;
				GCC_WARN_UNUSED_FUNCTION = YES;
				GCC_WARN_UNUSED_VARIABLE = YES;
				IPHONEOS_DEPLOYMENT_TARGET = 12.0;
				MTL_ENABLE_DEBUG_INFO = NO;
				MTL_FAST_MATH = YES;
				SDKROOT = iphoneos;
				SWIFT_COMPILATION_MODE = wholemodule;
				SWIFT_OPTIMIZATION_LEVEL = "-O";
				VALIDATE_PRODUCT = YES;
			};
			name = Release;
		};
		3DF7659F216BD76200E78EE0 /* Debug */ = {
			isa = XCBuildConfiguration;
			buildSettings = {
				ASSETCATALOG_COMPILER_APPICON_NAME = AppIcon;
				CODE_SIGN_STYLE = Automatic;
				DEVELOPMENT_TEAM = CRBSJ4DXMT;
				INFOPLIST_FILE = Consent/Info.plist;
				LD_RUNPATH_SEARCH_PATHS = (
					"$(inherited)",
					"@executable_path/Frameworks",
				);
				PRODUCT_BUNDLE_IDENTIFIER = com.MuSquared.Consent.Consent;
				PRODUCT_NAME = "$(TARGET_NAME)";
				SWIFT_VERSION = 4.2;
				TARGETED_DEVICE_FAMILY = "1,2";
			};
			name = Debug;
		};
		3DF765A0216BD76200E78EE0 /* Release */ = {
			isa = XCBuildConfiguration;
			buildSettings = {
				ASSETCATALOG_COMPILER_APPICON_NAME = AppIcon;
				CODE_SIGN_STYLE = Automatic;
				DEVELOPMENT_TEAM = CRBSJ4DXMT;
				INFOPLIST_FILE = Consent/Info.plist;
				LD_RUNPATH_SEARCH_PATHS = (
					"$(inherited)",
					"@executable_path/Frameworks",
				);
				PRODUCT_BUNDLE_IDENTIFIER = com.MuSquared.Consent.Consent;
				PRODUCT_NAME = "$(TARGET_NAME)";
				SWIFT_VERSION = 4.2;
				TARGETED_DEVICE_FAMILY = "1,2";
			};
			name = Release;
		};
		3DF765A2216BD76200E78EE0 /* Debug */ = {
			isa = XCBuildConfiguration;
			buildSettings = {
				ALWAYS_EMBED_SWIFT_STANDARD_LIBRARIES = YES;
				BUNDLE_LOADER = "$(TEST_HOST)";
				CODE_SIGN_STYLE = Automatic;
				DEVELOPMENT_TEAM = CRBSJ4DXMT;
				INFOPLIST_FILE = ConsentTests/Info.plist;
				LD_RUNPATH_SEARCH_PATHS = (
					"$(inherited)",
					"@executable_path/Frameworks",
					"@loader_path/Frameworks",
				);
				PRODUCT_BUNDLE_IDENTIFIER = com.MuSquared.Consent.ConsentTests;
				PRODUCT_NAME = "$(TARGET_NAME)";
				SWIFT_VERSION = 4.2;
				TARGETED_DEVICE_FAMILY = "1,2";
				TEST_HOST = "$(BUILT_PRODUCTS_DIR)/Consent.app/Consent";
			};
			name = Debug;
		};
		3DF765A3216BD76200E78EE0 /* Release */ = {
			isa = XCBuildConfiguration;
			buildSettings = {
				ALWAYS_EMBED_SWIFT_STANDARD_LIBRARIES = YES;
				BUNDLE_LOADER = "$(TEST_HOST)";
				CODE_SIGN_STYLE = Automatic;
				DEVELOPMENT_TEAM = CRBSJ4DXMT;
				INFOPLIST_FILE = ConsentTests/Info.plist;
				LD_RUNPATH_SEARCH_PATHS = (
					"$(inherited)",
					"@executable_path/Frameworks",
					"@loader_path/Frameworks",
				);
				PRODUCT_BUNDLE_IDENTIFIER = com.MuSquared.Consent.ConsentTests;
				PRODUCT_NAME = "$(TARGET_NAME)";
				SWIFT_VERSION = 4.2;
				TARGETED_DEVICE_FAMILY = "1,2";
				TEST_HOST = "$(BUILT_PRODUCTS_DIR)/Consent.app/Consent";
			};
			name = Release;
		};
		3DF765A5216BD76200E78EE0 /* Debug */ = {
			isa = XCBuildConfiguration;
			buildSettings = {
				ALWAYS_EMBED_SWIFT_STANDARD_LIBRARIES = YES;
				CODE_SIGN_STYLE = Automatic;
				DEVELOPMENT_TEAM = CRBSJ4DXMT;
				INFOPLIST_FILE = ConsentUITests/Info.plist;
				LD_RUNPATH_SEARCH_PATHS = (
					"$(inherited)",
					"@executable_path/Frameworks",
					"@loader_path/Frameworks",
				);
				PRODUCT_BUNDLE_IDENTIFIER = com.MuSquared.Consent.ConsentUITests;
				PRODUCT_NAME = "$(TARGET_NAME)";
				SWIFT_VERSION = 4.2;
				TARGETED_DEVICE_FAMILY = "1,2";
				TEST_TARGET_NAME = Consent;
			};
			name = Debug;
		};
		3DF765A6216BD76200E78EE0 /* Release */ = {
			isa = XCBuildConfiguration;
			buildSettings = {
				ALWAYS_EMBED_SWIFT_STANDARD_LIBRARIES = YES;
				CODE_SIGN_STYLE = Automatic;
				DEVELOPMENT_TEAM = CRBSJ4DXMT;
				INFOPLIST_FILE = ConsentUITests/Info.plist;
				LD_RUNPATH_SEARCH_PATHS = (
					"$(inherited)",
					"@executable_path/Frameworks",
					"@loader_path/Frameworks",
				);
				PRODUCT_BUNDLE_IDENTIFIER = com.MuSquared.Consent.ConsentUITests;
				PRODUCT_NAME = "$(TARGET_NAME)";
				SWIFT_VERSION = 4.2;
				TARGETED_DEVICE_FAMILY = "1,2";
				TEST_TARGET_NAME = Consent;
			};
			name = Release;
		};
/* End XCBuildConfiguration section */

/* Begin XCConfigurationList section */
		3DF76571216BD76100E78EE0 /* Build configuration list for PBXProject "Consent" */ = {
			isa = XCConfigurationList;
			buildConfigurations = (
				3DF7659C216BD76200E78EE0 /* Debug */,
				3DF7659D216BD76200E78EE0 /* Release */,
			);
			defaultConfigurationIsVisible = 0;
			defaultConfigurationName = Release;
		};
		3DF7659E216BD76200E78EE0 /* Build configuration list for PBXNativeTarget "Consent" */ = {
			isa = XCConfigurationList;
			buildConfigurations = (
				3DF7659F216BD76200E78EE0 /* Debug */,
				3DF765A0216BD76200E78EE0 /* Release */,
			);
			defaultConfigurationIsVisible = 0;
			defaultConfigurationName = Release;
		};
		3DF765A1216BD76200E78EE0 /* Build configuration list for PBXNativeTarget "ConsentTests" */ = {
			isa = XCConfigurationList;
			buildConfigurations = (
				3DF765A2216BD76200E78EE0 /* Debug */,
				3DF765A3216BD76200E78EE0 /* Release */,
			);
			defaultConfigurationIsVisible = 0;
			defaultConfigurationName = Release;
		};
		3DF765A4216BD76200E78EE0 /* Build configuration list for PBXNativeTarget "ConsentUITests" */ = {
			isa = XCConfigurationList;
			buildConfigurations = (
				3DF765A5216BD76200E78EE0 /* Debug */,
				3DF765A6216BD76200E78EE0 /* Release */,
			);
			defaultConfigurationIsVisible = 0;
			defaultConfigurationName = Release;
		};
/* End XCConfigurationList section */
	};
	rootObject = 3DF7656E216BD76100E78EE0 /* Project object */;
}
