// !$*UTF8*$!
{
	archiveVersion = 1;
	classes = {
	};
	objectVersion = 50;
	objects = {

/* Begin PBXBuildFile section */
		3DAF745321C1CA1E00235E9C /* Montserrat-LightItalic.ttf in Resources */ = {isa = PBXBuildFile; fileRef = 3DAF744021C1CA1E00235E9C /* Montserrat-LightItalic.ttf */; };
		3DAF745421C1CA1E00235E9C /* Montserrat-Medium.ttf in Resources */ = {isa = PBXBuildFile; fileRef = 3DAF744121C1CA1E00235E9C /* Montserrat-Medium.ttf */; };
		3DAF745521C1CA1E00235E9C /* Montserrat-BoldItalic.ttf in Resources */ = {isa = PBXBuildFile; fileRef = 3DAF744221C1CA1E00235E9C /* Montserrat-BoldItalic.ttf */; };
		3DAF745621C1CA1E00235E9C /* Montserrat-Light.ttf in Resources */ = {isa = PBXBuildFile; fileRef = 3DAF744321C1CA1E00235E9C /* Montserrat-Light.ttf */; };
		3DAF745721C1CA1E00235E9C /* Montserrat-ThinItalic.ttf in Resources */ = {isa = PBXBuildFile; fileRef = 3DAF744421C1CA1E00235E9C /* Montserrat-ThinItalic.ttf */; };
		3DAF745821C1CA1E00235E9C /* Montserrat-ExtraLight.ttf in Resources */ = {isa = PBXBuildFile; fileRef = 3DAF744521C1CA1E00235E9C /* Montserrat-ExtraLight.ttf */; };
		3DAF745921C1CA1E00235E9C /* Montserrat-Thin.ttf in Resources */ = {isa = PBXBuildFile; fileRef = 3DAF744621C1CA1E00235E9C /* Montserrat-Thin.ttf */; };
		3DAF745A21C1CA1E00235E9C /* Montserrat-Bold.ttf in Resources */ = {isa = PBXBuildFile; fileRef = 3DAF744721C1CA1E00235E9C /* Montserrat-Bold.ttf */; };
		3DAF745B21C1CA1E00235E9C /* Montserrat-MediumItalic.ttf in Resources */ = {isa = PBXBuildFile; fileRef = 3DAF744821C1CA1E00235E9C /* Montserrat-MediumItalic.ttf */; };
		3DAF745C21C1CA1E00235E9C /* Montserrat-BlackItalic.ttf in Resources */ = {isa = PBXBuildFile; fileRef = 3DAF744921C1CA1E00235E9C /* Montserrat-BlackItalic.ttf */; };
		3DAF745D21C1CA1E00235E9C /* Montserrat-SemiBold.ttf in Resources */ = {isa = PBXBuildFile; fileRef = 3DAF744A21C1CA1E00235E9C /* Montserrat-SemiBold.ttf */; };
		3DAF745E21C1CA1E00235E9C /* Montserrat-ExtraLightItalic.ttf in Resources */ = {isa = PBXBuildFile; fileRef = 3DAF744B21C1CA1E00235E9C /* Montserrat-ExtraLightItalic.ttf */; };
		3DAF745F21C1CA1E00235E9C /* Montserrat-ExtraBold.ttf in Resources */ = {isa = PBXBuildFile; fileRef = 3DAF744C21C1CA1E00235E9C /* Montserrat-ExtraBold.ttf */; };
		3DAF746021C1CA1E00235E9C /* OFL.txt in Resources */ = {isa = PBXBuildFile; fileRef = 3DAF744D21C1CA1E00235E9C /* OFL.txt */; };
		3DAF746121C1CA1E00235E9C /* Montserrat-Black.ttf in Resources */ = {isa = PBXBuildFile; fileRef = 3DAF744E21C1CA1E00235E9C /* Montserrat-Black.ttf */; };
		3DAF746221C1CA1E00235E9C /* Montserrat-Regular.ttf in Resources */ = {isa = PBXBuildFile; fileRef = 3DAF744F21C1CA1E00235E9C /* Montserrat-Regular.ttf */; };
		3DAF746321C1CA1E00235E9C /* Montserrat-Italic.ttf in Resources */ = {isa = PBXBuildFile; fileRef = 3DAF745021C1CA1E00235E9C /* Montserrat-Italic.ttf */; };
		3DAF746421C1CA1E00235E9C /* Montserrat-SemiBoldItalic.ttf in Resources */ = {isa = PBXBuildFile; fileRef = 3DAF745121C1CA1E00235E9C /* Montserrat-SemiBoldItalic.ttf */; };
		3DAF746521C1CA1E00235E9C /* Montserrat-ExtraBoldItalic.ttf in Resources */ = {isa = PBXBuildFile; fileRef = 3DAF745221C1CA1E00235E9C /* Montserrat-ExtraBoldItalic.ttf */; };
		3DCA03E621B088350063B38E /* reload.png in Resources */ = {isa = PBXBuildFile; fileRef = 3DCA03E521B088350063B38E /* reload.png */; };
		3DCA03E821B0883C0063B38E /* return.png in Resources */ = {isa = PBXBuildFile; fileRef = 3DCA03E721B0883C0063B38E /* return.png */; };
		3DCA03EA21B0884E0063B38E /* key.png in Resources */ = {isa = PBXBuildFile; fileRef = 3DCA03E921B0884E0063B38E /* key.png */; };
		3DCA03EC21B088560063B38E /* message-1.png in Resources */ = {isa = PBXBuildFile; fileRef = 3DCA03EB21B088550063B38E /* message-1.png */; };
		3DCA03EE21B0885C0063B38E /* phone-call.png in Resources */ = {isa = PBXBuildFile; fileRef = 3DCA03ED21B0885C0063B38E /* phone-call.png */; };
		3DCA03F021B0886B0063B38E /* id-card.png in Resources */ = {isa = PBXBuildFile; fileRef = 3DCA03EF21B0886B0063B38E /* id-card.png */; };
		3DCA03F221B08CE70063B38E /* flag.png in Resources */ = {isa = PBXBuildFile; fileRef = 3DCA03F121B08CE70063B38E /* flag.png */; };
		3DF7657A216BD76100E78EE0 /* AppDelegate.swift in Sources */ = {isa = PBXBuildFile; fileRef = 3DF76579216BD76100E78EE0 /* AppDelegate.swift */; };
		3DF7657C216BD76100E78EE0 /* MainVC.swift in Sources */ = {isa = PBXBuildFile; fileRef = 3DF7657B216BD76100E78EE0 /* MainVC.swift */; };
		3DF7657F216BD76100E78EE0 /* Main.storyboard in Resources */ = {isa = PBXBuildFile; fileRef = 3DF7657D216BD76100E78EE0 /* Main.storyboard */; };
		3DF76581216BD76200E78EE0 /* Assets.xcassets in Resources */ = {isa = PBXBuildFile; fileRef = 3DF76580216BD76200E78EE0 /* Assets.xcassets */; };
		3DF76584216BD76200E78EE0 /* LaunchScreen.storyboard in Resources */ = {isa = PBXBuildFile; fileRef = 3DF76582216BD76200E78EE0 /* LaunchScreen.storyboard */; };
		3DF7658F216BD76200E78EE0 /* ConsentTests.swift in Sources */ = {isa = PBXBuildFile; fileRef = 3DF7658E216BD76200E78EE0 /* ConsentTests.swift */; };
		3DF7659A216BD76200E78EE0 /* ConsentUITests.swift in Sources */ = {isa = PBXBuildFile; fileRef = 3DF76599216BD76200E78EE0 /* ConsentUITests.swift */; };
		3DF765A9216BD80900E78EE0 /* SignUpVC.swift in Sources */ = {isa = PBXBuildFile; fileRef = 3DF765A8216BD80900E78EE0 /* SignUpVC.swift */; };
		3DF765AB216BD81900E78EE0 /* SignInVC.swift in Sources */ = {isa = PBXBuildFile; fileRef = 3DF765AA216BD81900E78EE0 /* SignInVC.swift */; };
		3DF765AD216BD82C00E78EE0 /* SignUp.storyboard in Resources */ = {isa = PBXBuildFile; fileRef = 3DF765AC216BD82C00E78EE0 /* SignUp.storyboard */; };
		3DF765B3216BDACC00E78EE0 /* GoogleService-Info.plist in Resources */ = {isa = PBXBuildFile; fileRef = 3DF765B2216BDACC00E78EE0 /* GoogleService-Info.plist */; };
		5CA17889326CC6F0B14D89A6 /* Pods_ConsentUITests.framework in Frameworks */ = {isa = PBXBuildFile; fileRef = F74A8BFBD00AB8360D1C7AA6 /* Pods_ConsentUITests.framework */; };
		CA1A23499A2393BD755B3936 /* Pods_Consent.framework in Frameworks */ = {isa = PBXBuildFile; fileRef = EE5C0BBF66DFCD16F1BAB55A /* Pods_Consent.framework */; };
		D75554C587BD8C0240876613 /* Pods_ConsentTests.framework in Frameworks */ = {isa = PBXBuildFile; fileRef = 9FE8A4FF3F5653241F96EF9F /* Pods_ConsentTests.framework */; };
		EC27E46221D53000005B5A78 /* CheckedBox.png in Resources */ = {isa = PBXBuildFile; fileRef = EC27E46021D52FFF005B5A78 /* CheckedBox.png */; };
		EC27E46321D53000005B5A78 /* UncheckedBox.png in Resources */ = {isa = PBXBuildFile; fileRef = EC27E46121D53000005B5A78 /* UncheckedBox.png */; };
		EC27E46921D5307F005B5A78 /* checked.png in Resources */ = {isa = PBXBuildFile; fileRef = EC27E46821D5307F005B5A78 /* checked.png */; };
		EC27E47821D725FF005B5A78 /* UIButtonX.swift in Sources */ = {isa = PBXBuildFile; fileRef = EC27E46E21D725FD005B5A78 /* UIButtonX.swift */; };
		EC27E47921D725FF005B5A78 /* UIViewXRadialGradient.swift in Sources */ = {isa = PBXBuildFile; fileRef = EC27E46F21D725FD005B5A78 /* UIViewXRadialGradient.swift */; };
		EC27E47A21D725FF005B5A78 /* UILabelX.swift in Sources */ = {isa = PBXBuildFile; fileRef = EC27E47021D725FD005B5A78 /* UILabelX.swift */; };
		EC27E47B21D725FF005B5A78 /* UISliderX.swift in Sources */ = {isa = PBXBuildFile; fileRef = EC27E47121D725FE005B5A78 /* UISliderX.swift */; };
		EC27E47C21D725FF005B5A78 /* UIVisualEffectViewX.swift in Sources */ = {isa = PBXBuildFile; fileRef = EC27E47221D725FE005B5A78 /* UIVisualEffectViewX.swift */; };
		EC27E47D21D725FF005B5A78 /* UIViewAnchorPoint.swift in Sources */ = {isa = PBXBuildFile; fileRef = EC27E47321D725FE005B5A78 /* UIViewAnchorPoint.swift */; };
		EC27E47E21D725FF005B5A78 /* UITextFieldX.swift in Sources */ = {isa = PBXBuildFile; fileRef = EC27E47421D725FE005B5A78 /* UITextFieldX.swift */; };
		EC27E47F21D725FF005B5A78 /* UIViewControllerX.swift in Sources */ = {isa = PBXBuildFile; fileRef = EC27E47521D725FF005B5A78 /* UIViewControllerX.swift */; };
		EC27E48021D725FF005B5A78 /* UIViewX.swift in Sources */ = {isa = PBXBuildFile; fileRef = EC27E47621D725FF005B5A78 /* UIViewX.swift */; };
		EC27E48121D725FF005B5A78 /* UIImageViewX.swift in Sources */ = {isa = PBXBuildFile; fileRef = EC27E47721D725FF005B5A78 /* UIImageViewX.swift */; };
		EC27E48321D728E0005B5A78 /* SetFuncs.swift in Sources */ = {isa = PBXBuildFile; fileRef = EC27E48221D728E0005B5A78 /* SetFuncs.swift */; };
		EC27E48621D824A1005B5A78 /* UserModel.swift in Sources */ = {isa = PBXBuildFile; fileRef = EC27E48521D824A1005B5A78 /* UserModel.swift */; };
		EC58510721DC1A7A00D53BF5 /* MainMenuBtn.png in Resources */ = {isa = PBXBuildFile; fileRef = EC58510621DC1A7A00D53BF5 /* MainMenuBtn.png */; };
		EC58510B21DC1F0F00D53BF5 /* InfoIcon.png in Resources */ = {isa = PBXBuildFile; fileRef = EC58510821DC1F0E00D53BF5 /* InfoIcon.png */; };
		EC58510C21DC1F0F00D53BF5 /* AddEntryIcon.png in Resources */ = {isa = PBXBuildFile; fileRef = EC58510921DC1F0E00D53BF5 /* AddEntryIcon.png */; };
		EC58510D21DC1F0F00D53BF5 /* ProfileIcon.png in Resources */ = {isa = PBXBuildFile; fileRef = EC58510A21DC1F0E00D53BF5 /* ProfileIcon.png */; };
		EC58511221DC5F7A00D53BF5 /* ProfilePageVC.swift in Sources */ = {isa = PBXBuildFile; fileRef = EC58511121DC5F7A00D53BF5 /* ProfilePageVC.swift */; };
		EC58511421DC5F8700D53BF5 /* InfoPageVC.swift in Sources */ = {isa = PBXBuildFile; fileRef = EC58511321DC5F8700D53BF5 /* InfoPageVC.swift */; };
		EC58511621DC5F9900D53BF5 /* AddEntryVC.swift in Sources */ = {isa = PBXBuildFile; fileRef = EC58511521DC5F9900D53BF5 /* AddEntryVC.swift */; };
		EC58511821DC5FAB00D53BF5 /* AddEntry.storyboard in Resources */ = {isa = PBXBuildFile; fileRef = EC58511721DC5FAB00D53BF5 /* AddEntry.storyboard */; };
		EC58511A21DC5FBD00D53BF5 /* InfoPage.storyboard in Resources */ = {isa = PBXBuildFile; fileRef = EC58511921DC5FBD00D53BF5 /* InfoPage.storyboard */; };
		EC58511C21DC5FC600D53BF5 /* ProfilePage.storyboard in Resources */ = {isa = PBXBuildFile; fileRef = EC58511B21DC5FC600D53BF5 /* ProfilePage.storyboard */; };
		EC58511E21DC5FFD00D53BF5 /* TableViewCode.swift in Sources */ = {isa = PBXBuildFile; fileRef = EC58511D21DC5FFD00D53BF5 /* TableViewCode.swift */; };
		EC58512021DC7AA400D53BF5 /* SearchIcon.png in Resources */ = {isa = PBXBuildFile; fileRef = EC58511F21DC7AA400D53BF5 /* SearchIcon.png */; };
		EC58512221DD19D200D53BF5 /* ConsentSubCell.swift in Sources */ = {isa = PBXBuildFile; fileRef = EC58512121DD19D200D53BF5 /* ConsentSubCell.swift */; };
		EC58512521DD1BD600D53BF5 /* ConsentEntryModel.swift in Sources */ = {isa = PBXBuildFile; fileRef = EC58512421DD1BD600D53BF5 /* ConsentEntryModel.swift */; };
		ECA08CD421D470A100565DC5 /* Extensions.swift in Sources */ = {isa = PBXBuildFile; fileRef = ECA08CD221D470A000565DC5 /* Extensions.swift */; };
		ECA08CD821D470C200565DC5 /* PWReset.storyboard in Resources */ = {isa = PBXBuildFile; fileRef = ECA08CD621D470BF00565DC5 /* PWReset.storyboard */; };
		ECA08CD921D470C200565DC5 /* PWResetVC.swift in Sources */ = {isa = PBXBuildFile; fileRef = ECA08CD721D470C200565DC5 /* PWResetVC.swift */; };
		ECA08CDF21D48D4C00565DC5 /* PopUpTemplate.storyboard in Resources */ = {isa = PBXBuildFile; fileRef = ECA08CDE21D48D4C00565DC5 /* PopUpTemplate.storyboard */; };
		ECA08CE121D48FDF00565DC5 /* SuccessPopUp.swift in Sources */ = {isa = PBXBuildFile; fileRef = ECA08CE021D48FDF00565DC5 /* SuccessPopUp.swift */; };
		ECA08CE821D4A8B800565DC5 /* Constants.swift in Sources */ = {isa = PBXBuildFile; fileRef = ECA08CE721D4A8B800565DC5 /* Constants.swift */; };
		ECA08CEA21D4AB3600565DC5 /* AccountValidation.swift in Sources */ = {isa = PBXBuildFile; fileRef = ECA08CE921D4AB3600565DC5 /* AccountValidation.swift */; };
		ECA08CEC21D525B600565DC5 /* ErrorPopUp.swift in Sources */ = {isa = PBXBuildFile; fileRef = ECA08CEB21D525B600565DC5 /* ErrorPopUp.swift */; };
		ECA08CEE21D525D100565DC5 /* LoadingPopUp.swift in Sources */ = {isa = PBXBuildFile; fileRef = ECA08CED21D525D100565DC5 /* LoadingPopUp.swift */; };
/* End PBXBuildFile section */

/* Begin PBXContainerItemProxy section */
		3DF7658B216BD76200E78EE0 /* PBXContainerItemProxy */ = {
			isa = PBXContainerItemProxy;
			containerPortal = 3DF7656E216BD76100E78EE0 /* Project object */;
			proxyType = 1;
			remoteGlobalIDString = 3DF76575216BD76100E78EE0;
			remoteInfo = Consent;
		};
		3DF76596216BD76200E78EE0 /* PBXContainerItemProxy */ = {
			isa = PBXContainerItemProxy;
			containerPortal = 3DF7656E216BD76100E78EE0 /* Project object */;
			proxyType = 1;
			remoteGlobalIDString = 3DF76575216BD76100E78EE0;
			remoteInfo = Consent;
		};
/* End PBXContainerItemProxy section */

/* Begin PBXFileReference section */
		2D6CD455A9DCFF2D7B61115B /* Pods-ConsentUITests.debug.xcconfig */ = {isa = PBXFileReference; includeInIndex = 1; lastKnownFileType = text.xcconfig; name = "Pods-ConsentUITests.debug.xcconfig"; path = "Pods/Target Support Files/Pods-ConsentUITests/Pods-ConsentUITests.debug.xcconfig"; sourceTree = "<group>"; };
		3DAF744021C1CA1E00235E9C /* Montserrat-LightItalic.ttf */ = {isa = PBXFileReference; lastKnownFileType = file; path = "Montserrat-LightItalic.ttf"; sourceTree = "<group>"; };
		3DAF744121C1CA1E00235E9C /* Montserrat-Medium.ttf */ = {isa = PBXFileReference; lastKnownFileType = file; path = "Montserrat-Medium.ttf"; sourceTree = "<group>"; };
		3DAF744221C1CA1E00235E9C /* Montserrat-BoldItalic.ttf */ = {isa = PBXFileReference; lastKnownFileType = file; path = "Montserrat-BoldItalic.ttf"; sourceTree = "<group>"; };
		3DAF744321C1CA1E00235E9C /* Montserrat-Light.ttf */ = {isa = PBXFileReference; lastKnownFileType = file; path = "Montserrat-Light.ttf"; sourceTree = "<group>"; };
		3DAF744421C1CA1E00235E9C /* Montserrat-ThinItalic.ttf */ = {isa = PBXFileReference; lastKnownFileType = file; path = "Montserrat-ThinItalic.ttf"; sourceTree = "<group>"; };
		3DAF744521C1CA1E00235E9C /* Montserrat-ExtraLight.ttf */ = {isa = PBXFileReference; lastKnownFileType = file; path = "Montserrat-ExtraLight.ttf"; sourceTree = "<group>"; };
		3DAF744621C1CA1E00235E9C /* Montserrat-Thin.ttf */ = {isa = PBXFileReference; lastKnownFileType = file; path = "Montserrat-Thin.ttf"; sourceTree = "<group>"; };
		3DAF744721C1CA1E00235E9C /* Montserrat-Bold.ttf */ = {isa = PBXFileReference; lastKnownFileType = file; path = "Montserrat-Bold.ttf"; sourceTree = "<group>"; };
		3DAF744821C1CA1E00235E9C /* Montserrat-MediumItalic.ttf */ = {isa = PBXFileReference; lastKnownFileType = file; path = "Montserrat-MediumItalic.ttf"; sourceTree = "<group>"; };
		3DAF744921C1CA1E00235E9C /* Montserrat-BlackItalic.ttf */ = {isa = PBXFileReference; lastKnownFileType = file; path = "Montserrat-BlackItalic.ttf"; sourceTree = "<group>"; };
		3DAF744A21C1CA1E00235E9C /* Montserrat-SemiBold.ttf */ = {isa = PBXFileReference; lastKnownFileType = file; path = "Montserrat-SemiBold.ttf"; sourceTree = "<group>"; };
		3DAF744B21C1CA1E00235E9C /* Montserrat-ExtraLightItalic.ttf */ = {isa = PBXFileReference; lastKnownFileType = file; path = "Montserrat-ExtraLightItalic.ttf"; sourceTree = "<group>"; };
		3DAF744C21C1CA1E00235E9C /* Montserrat-ExtraBold.ttf */ = {isa = PBXFileReference; lastKnownFileType = file; path = "Montserrat-ExtraBold.ttf"; sourceTree = "<group>"; };
		3DAF744D21C1CA1E00235E9C /* OFL.txt */ = {isa = PBXFileReference; fileEncoding = 4; lastKnownFileType = text; path = OFL.txt; sourceTree = "<group>"; };
		3DAF744E21C1CA1E00235E9C /* Montserrat-Black.ttf */ = {isa = PBXFileReference; lastKnownFileType = file; path = "Montserrat-Black.ttf"; sourceTree = "<group>"; };
		3DAF744F21C1CA1E00235E9C /* Montserrat-Regular.ttf */ = {isa = PBXFileReference; lastKnownFileType = file; path = "Montserrat-Regular.ttf"; sourceTree = "<group>"; };
		3DAF745021C1CA1E00235E9C /* Montserrat-Italic.ttf */ = {isa = PBXFileReference; lastKnownFileType = file; path = "Montserrat-Italic.ttf"; sourceTree = "<group>"; };
		3DAF745121C1CA1E00235E9C /* Montserrat-SemiBoldItalic.ttf */ = {isa = PBXFileReference; lastKnownFileType = file; path = "Montserrat-SemiBoldItalic.ttf"; sourceTree = "<group>"; };
		3DAF745221C1CA1E00235E9C /* Montserrat-ExtraBoldItalic.ttf */ = {isa = PBXFileReference; lastKnownFileType = file; path = "Montserrat-ExtraBoldItalic.ttf"; sourceTree = "<group>"; };
		3DCA03E521B088350063B38E /* reload.png */ = {isa = PBXFileReference; lastKnownFileType = image.png; path = reload.png; sourceTree = "<group>"; };
		3DCA03E721B0883C0063B38E /* return.png */ = {isa = PBXFileReference; lastKnownFileType = image.png; path = return.png; sourceTree = "<group>"; };
		3DCA03E921B0884E0063B38E /* key.png */ = {isa = PBXFileReference; lastKnownFileType = image.png; path = key.png; sourceTree = "<group>"; };
		3DCA03EB21B088550063B38E /* message-1.png */ = {isa = PBXFileReference; lastKnownFileType = image.png; path = "message-1.png"; sourceTree = "<group>"; };
		3DCA03ED21B0885C0063B38E /* phone-call.png */ = {isa = PBXFileReference; lastKnownFileType = image.png; path = "phone-call.png"; sourceTree = "<group>"; };
		3DCA03EF21B0886B0063B38E /* id-card.png */ = {isa = PBXFileReference; lastKnownFileType = image.png; path = "id-card.png"; sourceTree = "<group>"; };
		3DCA03F121B08CE70063B38E /* flag.png */ = {isa = PBXFileReference; lastKnownFileType = image.png; path = flag.png; sourceTree = "<group>"; };
		3DF76576216BD76100E78EE0 /* Consent.app */ = {isa = PBXFileReference; explicitFileType = wrapper.application; includeInIndex = 0; path = Consent.app; sourceTree = BUILT_PRODUCTS_DIR; };
		3DF76579216BD76100E78EE0 /* AppDelegate.swift */ = {isa = PBXFileReference; lastKnownFileType = sourcecode.swift; path = AppDelegate.swift; sourceTree = "<group>"; };
		3DF7657B216BD76100E78EE0 /* MainVC.swift */ = {isa = PBXFileReference; lastKnownFileType = sourcecode.swift; path = MainVC.swift; sourceTree = "<group>"; };
		3DF7657E216BD76100E78EE0 /* Base */ = {isa = PBXFileReference; lastKnownFileType = file.storyboard; name = Base; path = Base.lproj/Main.storyboard; sourceTree = "<group>"; };
		3DF76580216BD76200E78EE0 /* Assets.xcassets */ = {isa = PBXFileReference; lastKnownFileType = folder.assetcatalog; path = Assets.xcassets; sourceTree = "<group>"; };
		3DF76583216BD76200E78EE0 /* Base */ = {isa = PBXFileReference; lastKnownFileType = file.storyboard; name = Base; path = Base.lproj/LaunchScreen.storyboard; sourceTree = "<group>"; };
		3DF76585216BD76200E78EE0 /* Info.plist */ = {isa = PBXFileReference; lastKnownFileType = text.plist.xml; path = Info.plist; sourceTree = "<group>"; };
		3DF7658A216BD76200E78EE0 /* ConsentTests.xctest */ = {isa = PBXFileReference; explicitFileType = wrapper.cfbundle; includeInIndex = 0; path = ConsentTests.xctest; sourceTree = BUILT_PRODUCTS_DIR; };
		3DF7658E216BD76200E78EE0 /* ConsentTests.swift */ = {isa = PBXFileReference; lastKnownFileType = sourcecode.swift; path = ConsentTests.swift; sourceTree = "<group>"; };
		3DF76590216BD76200E78EE0 /* Info.plist */ = {isa = PBXFileReference; lastKnownFileType = text.plist.xml; path = Info.plist; sourceTree = "<group>"; };
		3DF76595216BD76200E78EE0 /* ConsentUITests.xctest */ = {isa = PBXFileReference; explicitFileType = wrapper.cfbundle; includeInIndex = 0; path = ConsentUITests.xctest; sourceTree = BUILT_PRODUCTS_DIR; };
		3DF76599216BD76200E78EE0 /* ConsentUITests.swift */ = {isa = PBXFileReference; lastKnownFileType = sourcecode.swift; path = ConsentUITests.swift; sourceTree = "<group>"; };
		3DF7659B216BD76200E78EE0 /* Info.plist */ = {isa = PBXFileReference; lastKnownFileType = text.plist.xml; path = Info.plist; sourceTree = "<group>"; };
		3DF765A8216BD80900E78EE0 /* SignUpVC.swift */ = {isa = PBXFileReference; lastKnownFileType = sourcecode.swift; path = SignUpVC.swift; sourceTree = "<group>"; };
		3DF765AA216BD81900E78EE0 /* SignInVC.swift */ = {isa = PBXFileReference; lastKnownFileType = sourcecode.swift; path = SignInVC.swift; sourceTree = "<group>"; };
		3DF765AC216BD82C00E78EE0 /* SignUp.storyboard */ = {isa = PBXFileReference; lastKnownFileType = file.storyboard; path = SignUp.storyboard; sourceTree = "<group>"; };
		3DF765B2216BDACC00E78EE0 /* GoogleService-Info.plist */ = {isa = PBXFileReference; fileEncoding = 4; lastKnownFileType = text.plist.xml; path = "GoogleService-Info.plist"; sourceTree = "<group>"; };
		8AA92645832AB488BF61E5C2 /* Pods-ConsentTests.debug.xcconfig */ = {isa = PBXFileReference; includeInIndex = 1; lastKnownFileType = text.xcconfig; name = "Pods-ConsentTests.debug.xcconfig"; path = "Pods/Target Support Files/Pods-ConsentTests/Pods-ConsentTests.debug.xcconfig"; sourceTree = "<group>"; };
		8AAE984FC02B5C3A2F29760D /* Pods-Consent.debug.xcconfig */ = {isa = PBXFileReference; includeInIndex = 1; lastKnownFileType = text.xcconfig; name = "Pods-Consent.debug.xcconfig"; path = "Pods/Target Support Files/Pods-Consent/Pods-Consent.debug.xcconfig"; sourceTree = "<group>"; };
		9FE8A4FF3F5653241F96EF9F /* Pods_ConsentTests.framework */ = {isa = PBXFileReference; explicitFileType = wrapper.framework; includeInIndex = 0; path = Pods_ConsentTests.framework; sourceTree = BUILT_PRODUCTS_DIR; };
		AFC7465C59EDBD1682A49E73 /* Pods-ConsentUITests.release.xcconfig */ = {isa = PBXFileReference; includeInIndex = 1; lastKnownFileType = text.xcconfig; name = "Pods-ConsentUITests.release.xcconfig"; path = "Pods/Target Support Files/Pods-ConsentUITests/Pods-ConsentUITests.release.xcconfig"; sourceTree = "<group>"; };
		B296413CAF02CE6820BA5421 /* Pods-ConsentTests.release.xcconfig */ = {isa = PBXFileReference; includeInIndex = 1; lastKnownFileType = text.xcconfig; name = "Pods-ConsentTests.release.xcconfig"; path = "Pods/Target Support Files/Pods-ConsentTests/Pods-ConsentTests.release.xcconfig"; sourceTree = "<group>"; };
		EC27E46021D52FFF005B5A78 /* CheckedBox.png */ = {isa = PBXFileReference; lastKnownFileType = image.png; path = CheckedBox.png; sourceTree = "<group>"; };
		EC27E46121D53000005B5A78 /* UncheckedBox.png */ = {isa = PBXFileReference; lastKnownFileType = image.png; path = UncheckedBox.png; sourceTree = "<group>"; };
		EC27E46821D5307F005B5A78 /* checked.png */ = {isa = PBXFileReference; lastKnownFileType = image.png; path = checked.png; sourceTree = "<group>"; };
		EC27E46E21D725FD005B5A78 /* UIButtonX.swift */ = {isa = PBXFileReference; fileEncoding = 4; lastKnownFileType = sourcecode.swift; path = UIButtonX.swift; sourceTree = "<group>"; };
		EC27E46F21D725FD005B5A78 /* UIViewXRadialGradient.swift */ = {isa = PBXFileReference; fileEncoding = 4; lastKnownFileType = sourcecode.swift; path = UIViewXRadialGradient.swift; sourceTree = "<group>"; };
		EC27E47021D725FD005B5A78 /* UILabelX.swift */ = {isa = PBXFileReference; fileEncoding = 4; lastKnownFileType = sourcecode.swift; path = UILabelX.swift; sourceTree = "<group>"; };
		EC27E47121D725FE005B5A78 /* UISliderX.swift */ = {isa = PBXFileReference; fileEncoding = 4; lastKnownFileType = sourcecode.swift; path = UISliderX.swift; sourceTree = "<group>"; };
		EC27E47221D725FE005B5A78 /* UIVisualEffectViewX.swift */ = {isa = PBXFileReference; fileEncoding = 4; lastKnownFileType = sourcecode.swift; path = UIVisualEffectViewX.swift; sourceTree = "<group>"; };
		EC27E47321D725FE005B5A78 /* UIViewAnchorPoint.swift */ = {isa = PBXFileReference; fileEncoding = 4; lastKnownFileType = sourcecode.swift; path = UIViewAnchorPoint.swift; sourceTree = "<group>"; };
		EC27E47421D725FE005B5A78 /* UITextFieldX.swift */ = {isa = PBXFileReference; fileEncoding = 4; lastKnownFileType = sourcecode.swift; path = UITextFieldX.swift; sourceTree = "<group>"; };
		EC27E47521D725FF005B5A78 /* UIViewControllerX.swift */ = {isa = PBXFileReference; fileEncoding = 4; lastKnownFileType = sourcecode.swift; path = UIViewControllerX.swift; sourceTree = "<group>"; };
		EC27E47621D725FF005B5A78 /* UIViewX.swift */ = {isa = PBXFileReference; fileEncoding = 4; lastKnownFileType = sourcecode.swift; path = UIViewX.swift; sourceTree = "<group>"; };
		EC27E47721D725FF005B5A78 /* UIImageViewX.swift */ = {isa = PBXFileReference; fileEncoding = 4; lastKnownFileType = sourcecode.swift; path = UIImageViewX.swift; sourceTree = "<group>"; };
		EC27E48221D728E0005B5A78 /* SetFuncs.swift */ = {isa = PBXFileReference; lastKnownFileType = sourcecode.swift; path = SetFuncs.swift; sourceTree = "<group>"; };
		EC27E48521D824A1005B5A78 /* UserModel.swift */ = {isa = PBXFileReference; lastKnownFileType = sourcecode.swift; path = UserModel.swift; sourceTree = "<group>"; };
		EC35BB8821D9700700929AB3 /* Consent-Bridging-Header.h */ = {isa = PBXFileReference; lastKnownFileType = sourcecode.c.h; path = "Consent-Bridging-Header.h"; sourceTree = "<group>"; };
		EC58510621DC1A7A00D53BF5 /* MainMenuBtn.png */ = {isa = PBXFileReference; lastKnownFileType = image.png; path = MainMenuBtn.png; sourceTree = "<group>"; };
		EC58510821DC1F0E00D53BF5 /* InfoIcon.png */ = {isa = PBXFileReference; lastKnownFileType = image.png; path = InfoIcon.png; sourceTree = "<group>"; };
		EC58510921DC1F0E00D53BF5 /* AddEntryIcon.png */ = {isa = PBXFileReference; lastKnownFileType = image.png; path = AddEntryIcon.png; sourceTree = "<group>"; };
		EC58510A21DC1F0E00D53BF5 /* ProfileIcon.png */ = {isa = PBXFileReference; lastKnownFileType = image.png; path = ProfileIcon.png; sourceTree = "<group>"; };
		EC58511121DC5F7A00D53BF5 /* ProfilePageVC.swift */ = {isa = PBXFileReference; lastKnownFileType = sourcecode.swift; path = ProfilePageVC.swift; sourceTree = "<group>"; };
		EC58511321DC5F8700D53BF5 /* InfoPageVC.swift */ = {isa = PBXFileReference; lastKnownFileType = sourcecode.swift; path = InfoPageVC.swift; sourceTree = "<group>"; };
		EC58511521DC5F9900D53BF5 /* AddEntryVC.swift */ = {isa = PBXFileReference; lastKnownFileType = sourcecode.swift; path = AddEntryVC.swift; sourceTree = "<group>"; };
		EC58511721DC5FAB00D53BF5 /* AddEntry.storyboard */ = {isa = PBXFileReference; lastKnownFileType = file.storyboard; path = AddEntry.storyboard; sourceTree = "<group>"; };
		EC58511921DC5FBD00D53BF5 /* InfoPage.storyboard */ = {isa = PBXFileReference; lastKnownFileType = file.storyboard; path = InfoPage.storyboard; sourceTree = "<group>"; };
		EC58511B21DC5FC600D53BF5 /* ProfilePage.storyboard */ = {isa = PBXFileReference; lastKnownFileType = file.storyboard; path = ProfilePage.storyboard; sourceTree = "<group>"; };
		EC58511D21DC5FFD00D53BF5 /* TableViewCode.swift */ = {isa = PBXFileReference; lastKnownFileType = sourcecode.swift; path = TableViewCode.swift; sourceTree = "<group>"; };
		EC58511F21DC7AA400D53BF5 /* SearchIcon.png */ = {isa = PBXFileReference; lastKnownFileType = image.png; path = SearchIcon.png; sourceTree = "<group>"; };
		EC58512121DD19D200D53BF5 /* ConsentSubCell.swift */ = {isa = PBXFileReference; lastKnownFileType = sourcecode.swift; path = ConsentSubCell.swift; sourceTree = "<group>"; };
		EC58512421DD1BD600D53BF5 /* ConsentEntryModel.swift */ = {isa = PBXFileReference; lastKnownFileType = sourcecode.swift; path = ConsentEntryModel.swift; sourceTree = "<group>"; };
		ECA08CD221D470A000565DC5 /* Extensions.swift */ = {isa = PBXFileReference; lastKnownFileType = sourcecode.swift; path = Extensions.swift; sourceTree = "<group>"; };
		ECA08CD621D470BF00565DC5 /* PWReset.storyboard */ = {isa = PBXFileReference; fileEncoding = 4; lastKnownFileType = file.storyboard; path = PWReset.storyboard; sourceTree = "<group>"; };
		ECA08CD721D470C200565DC5 /* PWResetVC.swift */ = {isa = PBXFileReference; fileEncoding = 4; lastKnownFileType = sourcecode.swift; path = PWResetVC.swift; sourceTree = "<group>"; };
		ECA08CDE21D48D4C00565DC5 /* PopUpTemplate.storyboard */ = {isa = PBXFileReference; lastKnownFileType = file.storyboard; path = PopUpTemplate.storyboard; sourceTree = "<group>"; };
		ECA08CE021D48FDF00565DC5 /* SuccessPopUp.swift */ = {isa = PBXFileReference; lastKnownFileType = sourcecode.swift; path = SuccessPopUp.swift; sourceTree = "<group>"; };
		ECA08CE721D4A8B800565DC5 /* Constants.swift */ = {isa = PBXFileReference; lastKnownFileType = sourcecode.swift; path = Constants.swift; sourceTree = "<group>"; };
		ECA08CE921D4AB3600565DC5 /* AccountValidation.swift */ = {isa = PBXFileReference; lastKnownFileType = sourcecode.swift; path = AccountValidation.swift; sourceTree = "<group>"; };
		ECA08CEB21D525B600565DC5 /* ErrorPopUp.swift */ = {isa = PBXFileReference; lastKnownFileType = sourcecode.swift; path = ErrorPopUp.swift; sourceTree = "<group>"; };
		ECA08CED21D525D100565DC5 /* LoadingPopUp.swift */ = {isa = PBXFileReference; lastKnownFileType = sourcecode.swift; path = LoadingPopUp.swift; sourceTree = "<group>"; };
		EE5C0BBF66DFCD16F1BAB55A /* Pods_Consent.framework */ = {isa = PBXFileReference; explicitFileType = wrapper.framework; includeInIndex = 0; path = Pods_Consent.framework; sourceTree = BUILT_PRODUCTS_DIR; };
		F258033CE93E794121F2D326 /* Pods-Consent.release.xcconfig */ = {isa = PBXFileReference; includeInIndex = 1; lastKnownFileType = text.xcconfig; name = "Pods-Consent.release.xcconfig"; path = "Pods/Target Support Files/Pods-Consent/Pods-Consent.release.xcconfig"; sourceTree = "<group>"; };
		F74A8BFBD00AB8360D1C7AA6 /* Pods_ConsentUITests.framework */ = {isa = PBXFileReference; explicitFileType = wrapper.framework; includeInIndex = 0; path = Pods_ConsentUITests.framework; sourceTree = BUILT_PRODUCTS_DIR; };
/* End PBXFileReference section */

/* Begin PBXFrameworksBuildPhase section */
		3DF76573216BD76100E78EE0 /* Frameworks */ = {
			isa = PBXFrameworksBuildPhase;
			buildActionMask = 2147483647;
			files = (
				CA1A23499A2393BD755B3936 /* Pods_Consent.framework in Frameworks */,
			);
			runOnlyForDeploymentPostprocessing = 0;
		};
		3DF76587216BD76200E78EE0 /* Frameworks */ = {
			isa = PBXFrameworksBuildPhase;
			buildActionMask = 2147483647;
			files = (
				D75554C587BD8C0240876613 /* Pods_ConsentTests.framework in Frameworks */,
			);
			runOnlyForDeploymentPostprocessing = 0;
		};
		3DF76592216BD76200E78EE0 /* Frameworks */ = {
			isa = PBXFrameworksBuildPhase;
			buildActionMask = 2147483647;
			files = (
				5CA17889326CC6F0B14D89A6 /* Pods_ConsentUITests.framework in Frameworks */,
			);
			runOnlyForDeploymentPostprocessing = 0;
		};
/* End PBXFrameworksBuildPhase section */

/* Begin PBXGroup section */
		257B8C307D885FAF63A60443 /* Frameworks */ = {
			isa = PBXGroup;
			children = (
				EE5C0BBF66DFCD16F1BAB55A /* Pods_Consent.framework */,
				9FE8A4FF3F5653241F96EF9F /* Pods_ConsentTests.framework */,
				F74A8BFBD00AB8360D1C7AA6 /* Pods_ConsentUITests.framework */,
			);
			name = Frameworks;
			sourceTree = "<group>";
		};
		3DAF743F21C1CA1E00235E9C /* Montserrat */ = {
			isa = PBXGroup;
			children = (
				3DAF744021C1CA1E00235E9C /* Montserrat-LightItalic.ttf */,
				3DAF744121C1CA1E00235E9C /* Montserrat-Medium.ttf */,
				3DAF744221C1CA1E00235E9C /* Montserrat-BoldItalic.ttf */,
				3DAF744321C1CA1E00235E9C /* Montserrat-Light.ttf */,
				3DAF744421C1CA1E00235E9C /* Montserrat-ThinItalic.ttf */,
				3DAF744521C1CA1E00235E9C /* Montserrat-ExtraLight.ttf */,
				3DAF744621C1CA1E00235E9C /* Montserrat-Thin.ttf */,
				3DAF744721C1CA1E00235E9C /* Montserrat-Bold.ttf */,
				3DAF744821C1CA1E00235E9C /* Montserrat-MediumItalic.ttf */,
				3DAF744921C1CA1E00235E9C /* Montserrat-BlackItalic.ttf */,
				3DAF744A21C1CA1E00235E9C /* Montserrat-SemiBold.ttf */,
				3DAF744B21C1CA1E00235E9C /* Montserrat-ExtraLightItalic.ttf */,
				3DAF744C21C1CA1E00235E9C /* Montserrat-ExtraBold.ttf */,
				3DAF744D21C1CA1E00235E9C /* OFL.txt */,
				3DAF744E21C1CA1E00235E9C /* Montserrat-Black.ttf */,
				3DAF744F21C1CA1E00235E9C /* Montserrat-Regular.ttf */,
				3DAF745021C1CA1E00235E9C /* Montserrat-Italic.ttf */,
				3DAF745121C1CA1E00235E9C /* Montserrat-SemiBoldItalic.ttf */,
				3DAF745221C1CA1E00235E9C /* Montserrat-ExtraBoldItalic.ttf */,
			);
			path = Montserrat;
			sourceTree = "<group>";
		};
		3DCA03E221B087C90063B38E /* Icons */ = {
			isa = PBXGroup;
			children = (
				EC58511F21DC7AA400D53BF5 /* SearchIcon.png */,
				EC58510921DC1F0E00D53BF5 /* AddEntryIcon.png */,
				EC58510821DC1F0E00D53BF5 /* InfoIcon.png */,
				EC58510A21DC1F0E00D53BF5 /* ProfileIcon.png */,
				EC58510621DC1A7A00D53BF5 /* MainMenuBtn.png */,
				EC27E46021D52FFF005B5A78 /* CheckedBox.png */,
				EC27E46121D53000005B5A78 /* UncheckedBox.png */,
				3DCA03EF21B0886B0063B38E /* id-card.png */,
				EC27E46821D5307F005B5A78 /* checked.png */,
				3DCA03F121B08CE70063B38E /* flag.png */,
				3DCA03ED21B0885C0063B38E /* phone-call.png */,
				3DCA03EB21B088550063B38E /* message-1.png */,
				3DCA03E521B088350063B38E /* reload.png */,
				3DCA03E721B0883C0063B38E /* return.png */,
				3DCA03E921B0884E0063B38E /* key.png */,
			);
			path = Icons;
			sourceTree = "<group>";
		};
		3DF7656D216BD76100E78EE0 = {
			isa = PBXGroup;
			children = (
				3DF76578216BD76100E78EE0 /* Consent */,
				3DF7658D216BD76200E78EE0 /* ConsentTests */,
				3DF76598216BD76200E78EE0 /* ConsentUITests */,
				3DF76577216BD76100E78EE0 /* Products */,
				A116B0082F2C8A995E801701 /* Pods */,
				257B8C307D885FAF63A60443 /* Frameworks */,
			);
			sourceTree = "<group>";
		};
		3DF76577216BD76100E78EE0 /* Products */ = {
			isa = PBXGroup;
			children = (
				3DF76576216BD76100E78EE0 /* Consent.app */,
				3DF7658A216BD76200E78EE0 /* ConsentTests.xctest */,
				3DF76595216BD76200E78EE0 /* ConsentUITests.xctest */,
			);
			name = Products;
			sourceTree = "<group>";
		};
		3DF76578216BD76100E78EE0 /* Consent */ = {
			isa = PBXGroup;
			children = (
				EC35BB8821D9700700929AB3 /* Consent-Bridging-Header.h */,
				3DF76579216BD76100E78EE0 /* AppDelegate.swift */,
				ECA08CE721D4A8B800565DC5 /* Constants.swift */,
				EC27E46D21D725F4005B5A78 /* DesignableX */,
				EC58512321DD1B0B00D53BF5 /* CellTypes */,
				EC27E48421D82491005B5A78 /* Models */,
				ECA08CDD21D47A1B00565DC5 /* PopUps */,
				ECA08CD521D470AA00565DC5 /* Helper Functions */,
				3DF765AE216BD93B00E78EE0 /* Main */,
				3DCA03E221B087C90063B38E /* Icons */,
				3DF76580216BD76200E78EE0 /* Assets.xcassets */,
				3DF76582216BD76200E78EE0 /* LaunchScreen.storyboard */,
				3DF76585216BD76200E78EE0 /* Info.plist */,
				3DF765B2216BDACC00E78EE0 /* GoogleService-Info.plist */,
				3DAF743F21C1CA1E00235E9C /* Montserrat */,
			);
			path = Consent;
			sourceTree = "<group>";
		};
		3DF7658D216BD76200E78EE0 /* ConsentTests */ = {
			isa = PBXGroup;
			children = (
				3DF7658E216BD76200E78EE0 /* ConsentTests.swift */,
				3DF76590216BD76200E78EE0 /* Info.plist */,
			);
			path = ConsentTests;
			sourceTree = "<group>";
		};
		3DF76598216BD76200E78EE0 /* ConsentUITests */ = {
			isa = PBXGroup;
			children = (
				3DF76599216BD76200E78EE0 /* ConsentUITests.swift */,
				3DF7659B216BD76200E78EE0 /* Info.plist */,
			);
			path = ConsentUITests;
			sourceTree = "<group>";
		};
		3DF765A7216BD7E200E78EE0 /* UserLogin */ = {
			isa = PBXGroup;
			children = (
				3DF765AA216BD81900E78EE0 /* SignInVC.swift */,
				3DF765A8216BD80900E78EE0 /* SignUpVC.swift */,
				3DF765AC216BD82C00E78EE0 /* SignUp.storyboard */,
			);
			path = UserLogin;
			sourceTree = "<group>";
		};
		3DF765AE216BD93B00E78EE0 /* Main */ = {
			isa = PBXGroup;
			children = (
				3DF7657B216BD76100E78EE0 /* MainVC.swift */,
				EC58511D21DC5FFD00D53BF5 /* TableViewCode.swift */,
				3DF7657D216BD76100E78EE0 /* Main.storyboard */,
				EC58511021DC5E8E00D53BF5 /* AddEntryPage */,
				EC58510F21DC5E7F00D53BF5 /* InfoPage */,
				EC58510E21DC5E6D00D53BF5 /* ProfilePage */,
				3DF765A7216BD7E200E78EE0 /* UserLogin */,
				ECA08CDA21D470C800565DC5 /* PwReset */,
			);
			path = Main;
			sourceTree = "<group>";
		};
		A116B0082F2C8A995E801701 /* Pods */ = {
			isa = PBXGroup;
			children = (
				8AAE984FC02B5C3A2F29760D /* Pods-Consent.debug.xcconfig */,
				F258033CE93E794121F2D326 /* Pods-Consent.release.xcconfig */,
				8AA92645832AB488BF61E5C2 /* Pods-ConsentTests.debug.xcconfig */,
				B296413CAF02CE6820BA5421 /* Pods-ConsentTests.release.xcconfig */,
				2D6CD455A9DCFF2D7B61115B /* Pods-ConsentUITests.debug.xcconfig */,
				AFC7465C59EDBD1682A49E73 /* Pods-ConsentUITests.release.xcconfig */,
			);
			name = Pods;
			sourceTree = "<group>";
		};
		EC27E46D21D725F4005B5A78 /* DesignableX */ = {
			isa = PBXGroup;
			children = (
				EC27E46E21D725FD005B5A78 /* UIButtonX.swift */,
				EC27E47721D725FF005B5A78 /* UIImageViewX.swift */,
				EC27E47021D725FD005B5A78 /* UILabelX.swift */,
				EC27E47121D725FE005B5A78 /* UISliderX.swift */,
				EC27E47421D725FE005B5A78 /* UITextFieldX.swift */,
				EC27E47321D725FE005B5A78 /* UIViewAnchorPoint.swift */,
				EC27E47521D725FF005B5A78 /* UIViewControllerX.swift */,
				EC27E47621D725FF005B5A78 /* UIViewX.swift */,
				EC27E46F21D725FD005B5A78 /* UIViewXRadialGradient.swift */,
				EC27E47221D725FE005B5A78 /* UIVisualEffectViewX.swift */,
			);
			path = DesignableX;
			sourceTree = "<group>";
		};
		EC27E48421D82491005B5A78 /* Models */ = {
			isa = PBXGroup;
			children = (
				EC27E48521D824A1005B5A78 /* UserModel.swift */,
				EC58512421DD1BD600D53BF5 /* ConsentEntryModel.swift */,
			);
			path = Models;
			sourceTree = "<group>";
		};
		EC58510E21DC5E6D00D53BF5 /* ProfilePage */ = {
			isa = PBXGroup;
			children = (
				EC58511121DC5F7A00D53BF5 /* ProfilePageVC.swift */,
				EC58511B21DC5FC600D53BF5 /* ProfilePage.storyboard */,
			);
			path = ProfilePage;
			sourceTree = "<group>";
		};
		EC58510F21DC5E7F00D53BF5 /* InfoPage */ = {
			isa = PBXGroup;
			children = (
				EC58511321DC5F8700D53BF5 /* InfoPageVC.swift */,
				EC58511921DC5FBD00D53BF5 /* InfoPage.storyboard */,
			);
			path = InfoPage;
			sourceTree = "<group>";
		};
		EC58511021DC5E8E00D53BF5 /* AddEntryPage */ = {
			isa = PBXGroup;
			children = (
				EC58511521DC5F9900D53BF5 /* AddEntryVC.swift */,
				EC58511721DC5FAB00D53BF5 /* AddEntry.storyboard */,
			);
			path = AddEntryPage;
			sourceTree = "<group>";
		};
		EC58512321DD1B0B00D53BF5 /* CellTypes */ = {
			isa = PBXGroup;
			children = (
				EC58512121DD19D200D53BF5 /* ConsentSubCell.swift */,
			);
			path = CellTypes;
			sourceTree = "<group>";
		};
		ECA08CD521D470AA00565DC5 /* Helper Functions */ = {
			isa = PBXGroup;
			children = (
				ECA08CD221D470A000565DC5 /* Extensions.swift */,
				ECA08CE921D4AB3600565DC5 /* AccountValidation.swift */,
				EC27E48221D728E0005B5A78 /* SetFuncs.swift */,
			);
			path = "Helper Functions";
			sourceTree = "<group>";
		};
		ECA08CDA21D470C800565DC5 /* PwReset */ = {
			isa = PBXGroup;
			children = (
				ECA08CD721D470C200565DC5 /* PWResetVC.swift */,
				ECA08CD621D470BF00565DC5 /* PWReset.storyboard */,
			);
			path = PwReset;
			sourceTree = "<group>";
		};
		ECA08CDD21D47A1B00565DC5 /* PopUps */ = {
			isa = PBXGroup;
			children = (
				ECA08CE021D48FDF00565DC5 /* SuccessPopUp.swift */,
				ECA08CEB21D525B600565DC5 /* ErrorPopUp.swift */,
				ECA08CED21D525D100565DC5 /* LoadingPopUp.swift */,
				ECA08CDE21D48D4C00565DC5 /* PopUpTemplate.storyboard */,
			);
			path = PopUps;
			sourceTree = "<group>";
		};
/* End PBXGroup section */

/* Begin PBXNativeTarget section */
		3DF76575216BD76100E78EE0 /* Consent */ = {
			isa = PBXNativeTarget;
			buildConfigurationList = 3DF7659E216BD76200E78EE0 /* Build configuration list for PBXNativeTarget "Consent" */;
			buildPhases = (
				5657B195C45F5CFE858C9A47 /* [CP] Check Pods Manifest.lock */,
				3DF76572216BD76100E78EE0 /* Sources */,
				3DF76573216BD76100E78EE0 /* Frameworks */,
				3DF76574216BD76100E78EE0 /* Resources */,
				05949828F4A23A40ED9868E3 /* [CP] Embed Pods Frameworks */,
			);
			buildRules = (
			);
			dependencies = (
			);
			name = Consent;
			productName = Consent;
			productReference = 3DF76576216BD76100E78EE0 /* Consent.app */;
			productType = "com.apple.product-type.application";
		};
		3DF76589216BD76200E78EE0 /* ConsentTests */ = {
			isa = PBXNativeTarget;
			buildConfigurationList = 3DF765A1216BD76200E78EE0 /* Build configuration list for PBXNativeTarget "ConsentTests" */;
			buildPhases = (
				E8A24D4E95252BAED7C69140 /* [CP] Check Pods Manifest.lock */,
				3DF76586216BD76200E78EE0 /* Sources */,
				3DF76587216BD76200E78EE0 /* Frameworks */,
				3DF76588216BD76200E78EE0 /* Resources */,
			);
			buildRules = (
			);
			dependencies = (
				3DF7658C216BD76200E78EE0 /* PBXTargetDependency */,
			);
			name = ConsentTests;
			productName = ConsentTests;
			productReference = 3DF7658A216BD76200E78EE0 /* ConsentTests.xctest */;
			productType = "com.apple.product-type.bundle.unit-test";
		};
		3DF76594216BD76200E78EE0 /* ConsentUITests */ = {
			isa = PBXNativeTarget;
			buildConfigurationList = 3DF765A4216BD76200E78EE0 /* Build configuration list for PBXNativeTarget "ConsentUITests" */;
			buildPhases = (
				76E3110DC986CA1DA0365A7A /* [CP] Check Pods Manifest.lock */,
				3DF76591216BD76200E78EE0 /* Sources */,
				3DF76592216BD76200E78EE0 /* Frameworks */,
				3DF76593216BD76200E78EE0 /* Resources */,
			);
			buildRules = (
			);
			dependencies = (
				3DF76597216BD76200E78EE0 /* PBXTargetDependency */,
			);
			name = ConsentUITests;
			productName = ConsentUITests;
			productReference = 3DF76595216BD76200E78EE0 /* ConsentUITests.xctest */;
			productType = "com.apple.product-type.bundle.ui-testing";
		};
/* End PBXNativeTarget section */

/* Begin PBXProject section */
		3DF7656E216BD76100E78EE0 /* Project object */ = {
			isa = PBXProject;
			attributes = {
				LastSwiftUpdateCheck = 1000;
				LastUpgradeCheck = 1000;
				ORGANIZATIONNAME = MuSquared;
				TargetAttributes = {
					3DF76575216BD76100E78EE0 = {
						CreatedOnToolsVersion = 10.0;
					};
					3DF76589216BD76200E78EE0 = {
						CreatedOnToolsVersion = 10.0;
						TestTargetID = 3DF76575216BD76100E78EE0;
					};
					3DF76594216BD76200E78EE0 = {
						CreatedOnToolsVersion = 10.0;
						TestTargetID = 3DF76575216BD76100E78EE0;
					};
				};
			};
			buildConfigurationList = 3DF76571216BD76100E78EE0 /* Build configuration list for PBXProject "Consent" */;
			compatibilityVersion = "Xcode 9.3";
			developmentRegion = en;
			hasScannedForEncodings = 0;
			knownRegions = (
				en,
				Base,
			);
			mainGroup = 3DF7656D216BD76100E78EE0;
			productRefGroup = 3DF76577216BD76100E78EE0 /* Products */;
			projectDirPath = "";
			projectRoot = "";
			targets = (
				3DF76575216BD76100E78EE0 /* Consent */,
				3DF76589216BD76200E78EE0 /* ConsentTests */,
				3DF76594216BD76200E78EE0 /* ConsentUITests */,
			);
		};
/* End PBXProject section */

/* Begin PBXResourcesBuildPhase section */
		3DF76574216BD76100E78EE0 /* Resources */ = {
			isa = PBXResourcesBuildPhase;
			buildActionMask = 2147483647;
			files = (
				3DAF745B21C1CA1E00235E9C /* Montserrat-MediumItalic.ttf in Resources */,
				3DAF746121C1CA1E00235E9C /* Montserrat-Black.ttf in Resources */,
				3DAF745821C1CA1E00235E9C /* Montserrat-ExtraLight.ttf in Resources */,
				3DAF745E21C1CA1E00235E9C /* Montserrat-ExtraLightItalic.ttf in Resources */,
				EC58510721DC1A7A00D53BF5 /* MainMenuBtn.png in Resources */,
				EC58510C21DC1F0F00D53BF5 /* AddEntryIcon.png in Resources */,
				3DCA03EA21B0884E0063B38E /* key.png in Resources */,
				EC27E46221D53000005B5A78 /* CheckedBox.png in Resources */,
				3DAF745421C1CA1E00235E9C /* Montserrat-Medium.ttf in Resources */,
				3DAF745621C1CA1E00235E9C /* Montserrat-Light.ttf in Resources */,
				3DF76584216BD76200E78EE0 /* LaunchScreen.storyboard in Resources */,
				3DAF745D21C1CA1E00235E9C /* Montserrat-SemiBold.ttf in Resources */,
				3DF76581216BD76200E78EE0 /* Assets.xcassets in Resources */,
				ECA08CD821D470C200565DC5 /* PWReset.storyboard in Resources */,
				3DAF745C21C1CA1E00235E9C /* Montserrat-BlackItalic.ttf in Resources */,
				3DF765B3216BDACC00E78EE0 /* GoogleService-Info.plist in Resources */,
				3DAF746021C1CA1E00235E9C /* OFL.txt in Resources */,
				3DF765AD216BD82C00E78EE0 /* SignUp.storyboard in Resources */,
				3DAF746321C1CA1E00235E9C /* Montserrat-Italic.ttf in Resources */,
				ECA08CDF21D48D4C00565DC5 /* PopUpTemplate.storyboard in Resources */,
				EC58510D21DC1F0F00D53BF5 /* ProfileIcon.png in Resources */,
				3DCA03F021B0886B0063B38E /* id-card.png in Resources */,
				3DAF746521C1CA1E00235E9C /* Montserrat-ExtraBoldItalic.ttf in Resources */,
				3DAF745921C1CA1E00235E9C /* Montserrat-Thin.ttf in Resources */,
				3DAF745521C1CA1E00235E9C /* Montserrat-BoldItalic.ttf in Resources */,
				3DCA03E821B0883C0063B38E /* return.png in Resources */,
				3DAF745321C1CA1E00235E9C /* Montserrat-LightItalic.ttf in Resources */,
				EC58511A21DC5FBD00D53BF5 /* InfoPage.storyboard in Resources */,
				3DCA03EC21B088560063B38E /* message-1.png in Resources */,
				EC27E46321D53000005B5A78 /* UncheckedBox.png in Resources */,
				3DF7657F216BD76100E78EE0 /* Main.storyboard in Resources */,
				EC58511821DC5FAB00D53BF5 /* AddEntry.storyboard in Resources */,
				EC58512021DC7AA400D53BF5 /* SearchIcon.png in Resources */,
				3DAF746421C1CA1E00235E9C /* Montserrat-SemiBoldItalic.ttf in Resources */,
				3DAF745721C1CA1E00235E9C /* Montserrat-ThinItalic.ttf in Resources */,
				3DAF745F21C1CA1E00235E9C /* Montserrat-ExtraBold.ttf in Resources */,
				3DAF746221C1CA1E00235E9C /* Montserrat-Regular.ttf in Resources */,
				3DCA03F221B08CE70063B38E /* flag.png in Resources */,
				3DCA03EE21B0885C0063B38E /* phone-call.png in Resources */,
				EC27E46921D5307F005B5A78 /* checked.png in Resources */,
				3DCA03E621B088350063B38E /* reload.png in Resources */,
				EC58510B21DC1F0F00D53BF5 /* InfoIcon.png in Resources */,
				EC58511C21DC5FC600D53BF5 /* ProfilePage.storyboard in Resources */,
				3DAF745A21C1CA1E00235E9C /* Montserrat-Bold.ttf in Resources */,
			);
			runOnlyForDeploymentPostprocessing = 0;
		};
		3DF76588216BD76200E78EE0 /* Resources */ = {
			isa = PBXResourcesBuildPhase;
			buildActionMask = 2147483647;
			files = (
			);
			runOnlyForDeploymentPostprocessing = 0;
		};
		3DF76593216BD76200E78EE0 /* Resources */ = {
			isa = PBXResourcesBuildPhase;
			buildActionMask = 2147483647;
			files = (
			);
			runOnlyForDeploymentPostprocessing = 0;
		};
/* End PBXResourcesBuildPhase section */

/* Begin PBXShellScriptBuildPhase section */
		05949828F4A23A40ED9868E3 /* [CP] Embed Pods Frameworks */ = {
			isa = PBXShellScriptBuildPhase;
			buildActionMask = 2147483647;
			files = (
			);
			inputPaths = (
				"${SRCROOT}/Pods/Target Support Files/Pods-Consent/Pods-Consent-frameworks.sh",
				"${BUILT_PRODUCTS_DIR}/GTMSessionFetcher/GTMSessionFetcher.framework",
				"${BUILT_PRODUCTS_DIR}/GoogleUtilities/GoogleUtilities.framework",
				"${BUILT_PRODUCTS_DIR}/RSKImageCropper/RSKImageCropper.framework",
				"${BUILT_PRODUCTS_DIR}/leveldb-library/leveldb.framework",
				"${BUILT_PRODUCTS_DIR}/nanopb/nanopb.framework",
			);
			name = "[CP] Embed Pods Frameworks";
			outputPaths = (
				"${TARGET_BUILD_DIR}/${FRAMEWORKS_FOLDER_PATH}/GTMSessionFetcher.framework",
				"${TARGET_BUILD_DIR}/${FRAMEWORKS_FOLDER_PATH}/GoogleUtilities.framework",
				"${TARGET_BUILD_DIR}/${FRAMEWORKS_FOLDER_PATH}/RSKImageCropper.framework",
				"${TARGET_BUILD_DIR}/${FRAMEWORKS_FOLDER_PATH}/leveldb.framework",
				"${TARGET_BUILD_DIR}/${FRAMEWORKS_FOLDER_PATH}/nanopb.framework",
			);
			runOnlyForDeploymentPostprocessing = 0;
			shellPath = /bin/sh;
			shellScript = "\"${SRCROOT}/Pods/Target Support Files/Pods-Consent/Pods-Consent-frameworks.sh\"\n";
			showEnvVarsInLog = 0;
		};
		5657B195C45F5CFE858C9A47 /* [CP] Check Pods Manifest.lock */ = {
			isa = PBXShellScriptBuildPhase;
			buildActionMask = 2147483647;
			files = (
			);
			inputPaths = (
				"${PODS_PODFILE_DIR_PATH}/Podfile.lock",
				"${PODS_ROOT}/Manifest.lock",
			);
			name = "[CP] Check Pods Manifest.lock";
			outputPaths = (
				"$(DERIVED_FILE_DIR)/Pods-Consent-checkManifestLockResult.txt",
			);
			runOnlyForDeploymentPostprocessing = 0;
			shellPath = /bin/sh;
			shellScript = "diff \"${PODS_PODFILE_DIR_PATH}/Podfile.lock\" \"${PODS_ROOT}/Manifest.lock\" > /dev/null\nif [ $? != 0 ] ; then\n    # print error to STDERR\n    echo \"error: The sandbox is not in sync with the Podfile.lock. Run 'pod install' or update your CocoaPods installation.\" >&2\n    exit 1\nfi\n# This output is used by Xcode 'outputs' to avoid re-running this script phase.\necho \"SUCCESS\" > \"${SCRIPT_OUTPUT_FILE_0}\"\n";
			showEnvVarsInLog = 0;
		};
		76E3110DC986CA1DA0365A7A /* [CP] Check Pods Manifest.lock */ = {
			isa = PBXShellScriptBuildPhase;
			buildActionMask = 2147483647;
			files = (
			);
			inputPaths = (
				"${PODS_PODFILE_DIR_PATH}/Podfile.lock",
				"${PODS_ROOT}/Manifest.lock",
			);
			name = "[CP] Check Pods Manifest.lock";
			outputPaths = (
				"$(DERIVED_FILE_DIR)/Pods-ConsentUITests-checkManifestLockResult.txt",
			);
			runOnlyForDeploymentPostprocessing = 0;
			shellPath = /bin/sh;
			shellScript = "diff \"${PODS_PODFILE_DIR_PATH}/Podfile.lock\" \"${PODS_ROOT}/Manifest.lock\" > /dev/null\nif [ $? != 0 ] ; then\n    # print error to STDERR\n    echo \"error: The sandbox is not in sync with the Podfile.lock. Run 'pod install' or update your CocoaPods installation.\" >&2\n    exit 1\nfi\n# This output is used by Xcode 'outputs' to avoid re-running this script phase.\necho \"SUCCESS\" > \"${SCRIPT_OUTPUT_FILE_0}\"\n";
			showEnvVarsInLog = 0;
		};
		E8A24D4E95252BAED7C69140 /* [CP] Check Pods Manifest.lock */ = {
			isa = PBXShellScriptBuildPhase;
			buildActionMask = 2147483647;
			files = (
			);
			inputPaths = (
				"${PODS_PODFILE_DIR_PATH}/Podfile.lock",
				"${PODS_ROOT}/Manifest.lock",
			);
			name = "[CP] Check Pods Manifest.lock";
			outputPaths = (
				"$(DERIVED_FILE_DIR)/Pods-ConsentTests-checkManifestLockResult.txt",
			);
			runOnlyForDeploymentPostprocessing = 0;
			shellPath = /bin/sh;
			shellScript = "diff \"${PODS_PODFILE_DIR_PATH}/Podfile.lock\" \"${PODS_ROOT}/Manifest.lock\" > /dev/null\nif [ $? != 0 ] ; then\n    # print error to STDERR\n    echo \"error: The sandbox is not in sync with the Podfile.lock. Run 'pod install' or update your CocoaPods installation.\" >&2\n    exit 1\nfi\n# This output is used by Xcode 'outputs' to avoid re-running this script phase.\necho \"SUCCESS\" > \"${SCRIPT_OUTPUT_FILE_0}\"\n";
			showEnvVarsInLog = 0;
		};
/* End PBXShellScriptBuildPhase section */

/* Begin PBXSourcesBuildPhase section */
		3DF76572216BD76100E78EE0 /* Sources */ = {
			isa = PBXSourcesBuildPhase;
			buildActionMask = 2147483647;
			files = (
				ECA08CD921D470C200565DC5 /* PWResetVC.swift in Sources */,
				ECA08CE821D4A8B800565DC5 /* Constants.swift in Sources */,
				EC27E47C21D725FF005B5A78 /* UIVisualEffectViewX.swift in Sources */,
				3DF7657C216BD76100E78EE0 /* MainVC.swift in Sources */,
				EC58511E21DC5FFD00D53BF5 /* TableViewCode.swift in Sources */,
				ECA08CE121D48FDF00565DC5 /* SuccessPopUp.swift in Sources */,
				EC58511621DC5F9900D53BF5 /* AddEntryVC.swift in Sources */,
				ECA08CEC21D525B600565DC5 /* ErrorPopUp.swift in Sources */,
				ECA08CD421D470A100565DC5 /* Extensions.swift in Sources */,
				EC58511421DC5F8700D53BF5 /* InfoPageVC.swift in Sources */,
				3DF765A9216BD80900E78EE0 /* SignUpVC.swift in Sources */,
				EC27E48621D824A1005B5A78 /* UserModel.swift in Sources */,
				EC27E47E21D725FF005B5A78 /* UITextFieldX.swift in Sources */,
				EC27E47F21D725FF005B5A78 /* UIViewControllerX.swift in Sources */,
				ECA08CEA21D4AB3600565DC5 /* AccountValidation.swift in Sources */,
				EC27E47921D725FF005B5A78 /* UIViewXRadialGradient.swift in Sources */,
				3DF765AB216BD81900E78EE0 /* SignInVC.swift in Sources */,
				EC27E48021D725FF005B5A78 /* UIViewX.swift in Sources */,
				EC27E47821D725FF005B5A78 /* UIButtonX.swift in Sources */,
				ECA08CEE21D525D100565DC5 /* LoadingPopUp.swift in Sources */,
				EC27E47B21D725FF005B5A78 /* UISliderX.swift in Sources */,
				EC58512221DD19D200D53BF5 /* ConsentSubCell.swift in Sources */,
				EC27E48121D725FF005B5A78 /* UIImageViewX.swift in Sources */,
				EC27E47D21D725FF005B5A78 /* UIViewAnchorPoint.swift in Sources */,
				3DF7657A216BD76100E78EE0 /* AppDelegate.swift in Sources */,
				EC58511221DC5F7A00D53BF5 /* ProfilePageVC.swift in Sources */,
				EC27E48321D728E0005B5A78 /* SetFuncs.swift in Sources */,
				EC27E47A21D725FF005B5A78 /* UILabelX.swift in Sources */,
				EC58512521DD1BD600D53BF5 /* ConsentEntryModel.swift in Sources */,
			);
			runOnlyForDeploymentPostprocessing = 0;
		};
		3DF76586216BD76200E78EE0 /* Sources */ = {
			isa = PBXSourcesBuildPhase;
			buildActionMask = 2147483647;
			files = (
				3DF7658F216BD76200E78EE0 /* ConsentTests.swift in Sources */,
			);
			runOnlyForDeploymentPostprocessing = 0;
		};
		3DF76591216BD76200E78EE0 /* Sources */ = {
			isa = PBXSourcesBuildPhase;
			buildActionMask = 2147483647;
			files = (
				3DF7659A216BD76200E78EE0 /* ConsentUITests.swift in Sources */,
			);
			runOnlyForDeploymentPostprocessing = 0;
		};
/* End PBXSourcesBuildPhase section */

/* Begin PBXTargetDependency section */
		3DF7658C216BD76200E78EE0 /* PBXTargetDependency */ = {
			isa = PBXTargetDependency;
			target = 3DF76575216BD76100E78EE0 /* Consent */;
			targetProxy = 3DF7658B216BD76200E78EE0 /* PBXContainerItemProxy */;
		};
		3DF76597216BD76200E78EE0 /* PBXTargetDependency */ = {
			isa = PBXTargetDependency;
			target = 3DF76575216BD76100E78EE0 /* Consent */;
			targetProxy = 3DF76596216BD76200E78EE0 /* PBXContainerItemProxy */;
		};
/* End PBXTargetDependency section */

/* Begin PBXVariantGroup section */
		3DF7657D216BD76100E78EE0 /* Main.storyboard */ = {
			isa = PBXVariantGroup;
			children = (
				3DF7657E216BD76100E78EE0 /* Base */,
			);
			name = Main.storyboard;
			sourceTree = "<group>";
		};
		3DF76582216BD76200E78EE0 /* LaunchScreen.storyboard */ = {
			isa = PBXVariantGroup;
			children = (
				3DF76583216BD76200E78EE0 /* Base */,
			);
			name = LaunchScreen.storyboard;
			sourceTree = "<group>";
		};
/* End PBXVariantGroup section */

/* Begin XCBuildConfiguration section */
		3DF7659C216BD76200E78EE0 /* Debug */ = {
			isa = XCBuildConfiguration;
			buildSettings = {
				ALWAYS_SEARCH_USER_PATHS = NO;
				CLANG_ANALYZER_NONNULL = YES;
				CLANG_ANALYZER_NUMBER_OBJECT_CONVERSION = YES_AGGRESSIVE;
				CLANG_CXX_LANGUAGE_STANDARD = "gnu++14";
				CLANG_CXX_LIBRARY = "libc++";
				CLANG_ENABLE_MODULES = YES;
				CLANG_ENABLE_OBJC_ARC = YES;
				CLANG_ENABLE_OBJC_WEAK = YES;
				CLANG_WARN_BLOCK_CAPTURE_AUTORELEASING = YES;
				CLANG_WARN_BOOL_CONVERSION = YES;
				CLANG_WARN_COMMA = YES;
				CLANG_WARN_CONSTANT_CONVERSION = YES;
				CLANG_WARN_DEPRECATED_OBJC_IMPLEMENTATIONS = YES;
				CLANG_WARN_DIRECT_OBJC_ISA_USAGE = YES_ERROR;
				CLANG_WARN_DOCUMENTATION_COMMENTS = YES;
				CLANG_WARN_EMPTY_BODY = YES;
				CLANG_WARN_ENUM_CONVERSION = YES;
				CLANG_WARN_INFINITE_RECURSION = YES;
				CLANG_WARN_INT_CONVERSION = YES;
				CLANG_WARN_NON_LITERAL_NULL_CONVERSION = YES;
				CLANG_WARN_OBJC_IMPLICIT_RETAIN_SELF = YES;
				CLANG_WARN_OBJC_LITERAL_CONVERSION = YES;
				CLANG_WARN_OBJC_ROOT_CLASS = YES_ERROR;
				CLANG_WARN_RANGE_LOOP_ANALYSIS = YES;
				CLANG_WARN_STRICT_PROTOTYPES = YES;
				CLANG_WARN_SUSPICIOUS_MOVE = YES;
				CLANG_WARN_UNGUARDED_AVAILABILITY = YES_AGGRESSIVE;
				CLANG_WARN_UNREACHABLE_CODE = YES;
				CLANG_WARN__DUPLICATE_METHOD_MATCH = YES;
				CODE_SIGN_IDENTITY = "iPhone Developer";
				COPY_PHASE_STRIP = NO;
				DEBUG_INFORMATION_FORMAT = dwarf;
				ENABLE_STRICT_OBJC_MSGSEND = YES;
				ENABLE_TESTABILITY = YES;
				GCC_C_LANGUAGE_STANDARD = gnu11;
				GCC_DYNAMIC_NO_PIC = NO;
				GCC_NO_COMMON_BLOCKS = YES;
				GCC_OPTIMIZATION_LEVEL = 0;
				GCC_PREPROCESSOR_DEFINITIONS = (
					"DEBUG=1",
					"$(inherited)",
				);
				GCC_WARN_64_TO_32_BIT_CONVERSION = YES;
				GCC_WARN_ABOUT_RETURN_TYPE = YES_ERROR;
				GCC_WARN_UNDECLARED_SELECTOR = YES;
				GCC_WARN_UNINITIALIZED_AUTOS = YES_AGGRESSIVE;
				GCC_WARN_UNUSED_FUNCTION = YES;
				GCC_WARN_UNUSED_VARIABLE = YES;
				IPHONEOS_DEPLOYMENT_TARGET = 12.0;
				MTL_ENABLE_DEBUG_INFO = INCLUDE_SOURCE;
				MTL_FAST_MATH = YES;
				ONLY_ACTIVE_ARCH = YES;
				SDKROOT = iphoneos;
				SWIFT_ACTIVE_COMPILATION_CONDITIONS = DEBUG;
				SWIFT_OPTIMIZATION_LEVEL = "-Onone";
			};
			name = Debug;
		};
		3DF7659D216BD76200E78EE0 /* Release */ = {
			isa = XCBuildConfiguration;
			buildSettings = {
				ALWAYS_SEARCH_USER_PATHS = NO;
				CLANG_ANALYZER_NONNULL = YES;
				CLANG_ANALYZER_NUMBER_OBJECT_CONVERSION = YES_AGGRESSIVE;
				CLANG_CXX_LANGUAGE_STANDARD = "gnu++14";
				CLANG_CXX_LIBRARY = "libc++";
				CLANG_ENABLE_MODULES = YES;
				CLANG_ENABLE_OBJC_ARC = YES;
				CLANG_ENABLE_OBJC_WEAK = YES;
				CLANG_WARN_BLOCK_CAPTURE_AUTORELEASING = YES;
				CLANG_WARN_BOOL_CONVERSION = YES;
				CLANG_WARN_COMMA = YES;
				CLANG_WARN_CONSTANT_CONVERSION = YES;
				CLANG_WARN_DEPRECATED_OBJC_IMPLEMENTATIONS = YES;
				CLANG_WARN_DIRECT_OBJC_ISA_USAGE = YES_ERROR;
				CLANG_WARN_DOCUMENTATION_COMMENTS = YES;
				CLANG_WARN_EMPTY_BODY = YES;
				CLANG_WARN_ENUM_CONVERSION = YES;
				CLANG_WARN_INFINITE_RECURSION = YES;
				CLANG_WARN_INT_CONVERSION = YES;
				CLANG_WARN_NON_LITERAL_NULL_CONVERSION = YES;
				CLANG_WARN_OBJC_IMPLICIT_RETAIN_SELF = YES;
				CLANG_WARN_OBJC_LITERAL_CONVERSION = YES;
				CLANG_WARN_OBJC_ROOT_CLASS = YES_ERROR;
				CLANG_WARN_RANGE_LOOP_ANALYSIS = YES;
				CLANG_WARN_STRICT_PROTOTYPES = YES;
				CLANG_WARN_SUSPICIOUS_MOVE = YES;
				CLANG_WARN_UNGUARDED_AVAILABILITY = YES_AGGRESSIVE;
				CLANG_WARN_UNREACHABLE_CODE = YES;
				CLANG_WARN__DUPLICATE_METHOD_MATCH = YES;
				CODE_SIGN_IDENTITY = "iPhone Developer";
				COPY_PHASE_STRIP = NO;
				DEBUG_INFORMATION_FORMAT = "dwarf-with-dsym";
				ENABLE_NS_ASSERTIONS = NO;
				ENABLE_STRICT_OBJC_MSGSEND = YES;
				GCC_C_LANGUAGE_STANDARD = gnu11;
				GCC_NO_COMMON_BLOCKS = YES;
				GCC_WARN_64_TO_32_BIT_CONVERSION = YES;
				GCC_WARN_ABOUT_RETURN_TYPE = YES_ERROR;
				GCC_WARN_UNDECLARED_SELECTOR = YES;
				GCC_WARN_UNINITIALIZED_AUTOS = YES_AGGRESSIVE;
				GCC_WARN_UNUSED_FUNCTION = YES;
				GCC_WARN_UNUSED_VARIABLE = YES;
				IPHONEOS_DEPLOYMENT_TARGET = 12.0;
				MTL_ENABLE_DEBUG_INFO = NO;
				MTL_FAST_MATH = YES;
				SDKROOT = iphoneos;
				SWIFT_COMPILATION_MODE = wholemodule;
				SWIFT_OPTIMIZATION_LEVEL = "-O";
				VALIDATE_PRODUCT = YES;
			};
			name = Release;
		};
		3DF7659F216BD76200E78EE0 /* Debug */ = {
			isa = XCBuildConfiguration;
			baseConfigurationReference = 8AAE984FC02B5C3A2F29760D /* Pods-Consent.debug.xcconfig */;
			buildSettings = {
				ASSETCATALOG_COMPILER_APPICON_NAME = AppIcon;
				CODE_SIGN_STYLE = Automatic;
				DEVELOPMENT_TEAM = CRBSJ4DXMT;
				INFOPLIST_FILE = Consent/Info.plist;
				IPHONEOS_DEPLOYMENT_TARGET = 11.1;
				LD_RUNPATH_SEARCH_PATHS = (
					"$(inherited)",
					"@executable_path/Frameworks",
				);
				PRODUCT_BUNDLE_IDENTIFIER = com.MuSquared.Consent;
				PRODUCT_NAME = "$(TARGET_NAME)";
				SWIFT_VERSION = 4.2;
				TARGETED_DEVICE_FAMILY = "1,2";
			};
			name = Debug;
		};
		3DF765A0216BD76200E78EE0 /* Release */ = {
			isa = XCBuildConfiguration;
			baseConfigurationReference = F258033CE93E794121F2D326 /* Pods-Consent.release.xcconfig */;
			buildSettings = {
				ASSETCATALOG_COMPILER_APPICON_NAME = AppIcon;
				CODE_SIGN_STYLE = Automatic;
				DEVELOPMENT_TEAM = CRBSJ4DXMT;
				INFOPLIST_FILE = Consent/Info.plist;
				IPHONEOS_DEPLOYMENT_TARGET = 11.1;
				LD_RUNPATH_SEARCH_PATHS = (
					"$(inherited)",
					"@executable_path/Frameworks",
				);
				PRODUCT_BUNDLE_IDENTIFIER = com.MuSquared.Consent;
				PRODUCT_NAME = "$(TARGET_NAME)";
				SWIFT_VERSION = 4.2;
				TARGETED_DEVICE_FAMILY = "1,2";
			};
			name = Release;
		};
		3DF765A2216BD76200E78EE0 /* Debug */ = {
			isa = XCBuildConfiguration;
			baseConfigurationReference = 8AA92645832AB488BF61E5C2 /* Pods-ConsentTests.debug.xcconfig */;
			buildSettings = {
				ALWAYS_EMBED_SWIFT_STANDARD_LIBRARIES = YES;
				BUNDLE_LOADER = "$(TEST_HOST)";
				CODE_SIGN_STYLE = Automatic;
				DEVELOPMENT_TEAM = CRBSJ4DXMT;
				INFOPLIST_FILE = ConsentTests/Info.plist;
				LD_RUNPATH_SEARCH_PATHS = (
					"$(inherited)",
					"@executable_path/Frameworks",
					"@loader_path/Frameworks",
				);
				PRODUCT_BUNDLE_IDENTIFIER = com.MuSquared.Consent.ConsentTests;
				PRODUCT_NAME = "$(TARGET_NAME)";
				SWIFT_VERSION = 4.2;
				TARGETED_DEVICE_FAMILY = "1,2";
				TEST_HOST = "$(BUILT_PRODUCTS_DIR)/Consent.app/Consent";
			};
			name = Debug;
		};
		3DF765A3216BD76200E78EE0 /* Release */ = {
			isa = XCBuildConfiguration;
			baseConfigurationReference = B296413CAF02CE6820BA5421 /* Pods-ConsentTests.release.xcconfig */;
			buildSettings = {
				ALWAYS_EMBED_SWIFT_STANDARD_LIBRARIES = YES;
				BUNDLE_LOADER = "$(TEST_HOST)";
				CODE_SIGN_STYLE = Automatic;
				DEVELOPMENT_TEAM = CRBSJ4DXMT;
				INFOPLIST_FILE = ConsentTests/Info.plist;
				LD_RUNPATH_SEARCH_PATHS = (
					"$(inherited)",
					"@executable_path/Frameworks",
					"@loader_path/Frameworks",
				);
				PRODUCT_BUNDLE_IDENTIFIER = com.MuSquared.Consent.ConsentTests;
				PRODUCT_NAME = "$(TARGET_NAME)";
				SWIFT_VERSION = 4.2;
				TARGETED_DEVICE_FAMILY = "1,2";
				TEST_HOST = "$(BUILT_PRODUCTS_DIR)/Consent.app/Consent";
			};
			name = Release;
		};
		3DF765A5216BD76200E78EE0 /* Debug */ = {
			isa = XCBuildConfiguration;
			baseConfigurationReference = 2D6CD455A9DCFF2D7B61115B /* Pods-ConsentUITests.debug.xcconfig */;
			buildSettings = {
				ALWAYS_EMBED_SWIFT_STANDARD_LIBRARIES = YES;
				CODE_SIGN_STYLE = Automatic;
				DEVELOPMENT_TEAM = CRBSJ4DXMT;
				INFOPLIST_FILE = ConsentUITests/Info.plist;
				LD_RUNPATH_SEARCH_PATHS = (
					"$(inherited)",
					"@executable_path/Frameworks",
					"@loader_path/Frameworks",
				);
				PRODUCT_BUNDLE_IDENTIFIER = com.MuSquared.Consent.ConsentUITests;
				PRODUCT_NAME = "$(TARGET_NAME)";
				SWIFT_VERSION = 4.2;
				TARGETED_DEVICE_FAMILY = "1,2";
				TEST_TARGET_NAME = Consent;
			};
			name = Debug;
		};
		3DF765A6216BD76200E78EE0 /* Release */ = {
			isa = XCBuildConfiguration;
			baseConfigurationReference = AFC7465C59EDBD1682A49E73 /* Pods-ConsentUITests.release.xcconfig */;
			buildSettings = {
				ALWAYS_EMBED_SWIFT_STANDARD_LIBRARIES = YES;
				CODE_SIGN_STYLE = Automatic;
				DEVELOPMENT_TEAM = CRBSJ4DXMT;
				INFOPLIST_FILE = ConsentUITests/Info.plist;
				LD_RUNPATH_SEARCH_PATHS = (
					"$(inherited)",
					"@executable_path/Frameworks",
					"@loader_path/Frameworks",
				);
				PRODUCT_BUNDLE_IDENTIFIER = com.MuSquared.Consent.ConsentUITests;
				PRODUCT_NAME = "$(TARGET_NAME)";
				SWIFT_VERSION = 4.2;
				TARGETED_DEVICE_FAMILY = "1,2";
				TEST_TARGET_NAME = Consent;
			};
			name = Release;
		};
/* End XCBuildConfiguration section */

/* Begin XCConfigurationList section */
		3DF76571216BD76100E78EE0 /* Build configuration list for PBXProject "Consent" */ = {
			isa = XCConfigurationList;
			buildConfigurations = (
				3DF7659C216BD76200E78EE0 /* Debug */,
				3DF7659D216BD76200E78EE0 /* Release */,
			);
			defaultConfigurationIsVisible = 0;
			defaultConfigurationName = Release;
		};
		3DF7659E216BD76200E78EE0 /* Build configuration list for PBXNativeTarget "Consent" */ = {
			isa = XCConfigurationList;
			buildConfigurations = (
				3DF7659F216BD76200E78EE0 /* Debug */,
				3DF765A0216BD76200E78EE0 /* Release */,
			);
			defaultConfigurationIsVisible = 0;
			defaultConfigurationName = Release;
		};
		3DF765A1216BD76200E78EE0 /* Build configuration list for PBXNativeTarget "ConsentTests" */ = {
			isa = XCConfigurationList;
			buildConfigurations = (
				3DF765A2216BD76200E78EE0 /* Debug */,
				3DF765A3216BD76200E78EE0 /* Release */,
			);
			defaultConfigurationIsVisible = 0;
			defaultConfigurationName = Release;
		};
		3DF765A4216BD76200E78EE0 /* Build configuration list for PBXNativeTarget "ConsentUITests" */ = {
			isa = XCConfigurationList;
			buildConfigurations = (
				3DF765A5216BD76200E78EE0 /* Debug */,
				3DF765A6216BD76200E78EE0 /* Release */,
			);
			defaultConfigurationIsVisible = 0;
			defaultConfigurationName = Release;
		};
/* End XCConfigurationList section */
	};
	rootObject = 3DF7656E216BD76100E78EE0 /* Project object */;
}
